// !$*UTF8*$!
{
	archiveVersion = 1;
	classes = {
	};
	objectVersion = 46;
	objects = {

/* Begin PBXBuildFile section */
		946B5579147526BA008F2384 /* NewsBarIcon.png in Resources */ = {isa = PBXBuildFile; fileRef = 946B5578147526BA008F2384 /* NewsBarIcon.png */; };
		946B557B1475297A008F2384 /* CalBarIcon.png in Resources */ = {isa = PBXBuildFile; fileRef = 946B557A1475297A008F2384 /* CalBarIcon.png */; };
		94779385145FF10700FA4F20 /* Reachability.m in Sources */ = {isa = PBXBuildFile; fileRef = 94779384145FF10700FA4F20 /* Reachability.m */; };
		9477939A145FF12E00FA4F20 /* ASIAuthenticationDialog.m in Sources */ = {isa = PBXBuildFile; fileRef = 94779387145FF12E00FA4F20 /* ASIAuthenticationDialog.m */; };
		9477939B145FF12E00FA4F20 /* ASIDataCompressor.m in Sources */ = {isa = PBXBuildFile; fileRef = 9477938A145FF12E00FA4F20 /* ASIDataCompressor.m */; };
		9477939C145FF12E00FA4F20 /* ASIDataDecompressor.m in Sources */ = {isa = PBXBuildFile; fileRef = 9477938C145FF12E00FA4F20 /* ASIDataDecompressor.m */; };
		9477939D145FF12E00FA4F20 /* ASIDownloadCache.m in Sources */ = {isa = PBXBuildFile; fileRef = 9477938E145FF12E00FA4F20 /* ASIDownloadCache.m */; };
		9477939E145FF12E00FA4F20 /* ASIFormDataRequest.m in Sources */ = {isa = PBXBuildFile; fileRef = 94779390145FF12E00FA4F20 /* ASIFormDataRequest.m */; };
		9477939F145FF12E00FA4F20 /* ASIHTTPRequest.m in Sources */ = {isa = PBXBuildFile; fileRef = 94779392145FF12E00FA4F20 /* ASIHTTPRequest.m */; };
		947793A0145FF12E00FA4F20 /* ASIInputStream.m in Sources */ = {isa = PBXBuildFile; fileRef = 94779396145FF12E00FA4F20 /* ASIInputStream.m */; };
		947793A1145FF12E00FA4F20 /* ASINetworkQueue.m in Sources */ = {isa = PBXBuildFile; fileRef = 94779398145FF12E00FA4F20 /* ASINetworkQueue.m */; };
		947793A3145FF16E00FA4F20 /* CFNetwork.framework in Frameworks */ = {isa = PBXBuildFile; fileRef = 947793A2145FF16D00FA4F20 /* CFNetwork.framework */; };
		947793A5145FF1B400FA4F20 /* SystemConfiguration.framework in Frameworks */ = {isa = PBXBuildFile; fileRef = 947793A4145FF1B400FA4F20 /* SystemConfiguration.framework */; };
		947793A7145FF1BF00FA4F20 /* MobileCoreServices.framework in Frameworks */ = {isa = PBXBuildFile; fileRef = 947793A6145FF1BF00FA4F20 /* MobileCoreServices.framework */; };
		947793A9145FF1CF00FA4F20 /* libz.1.2.5.dylib in Frameworks */ = {isa = PBXBuildFile; fileRef = 947793A8145FF1CF00FA4F20 /* libz.1.2.5.dylib */; };
		9480A6FA140CDAAB00873A71 /* Entitlements.entitlements in Resources */ = {isa = PBXBuildFile; fileRef = 9480A6F9140CDAAB00873A71 /* Entitlements.entitlements */; };
		9480A709140CE6D700873A71 /* appback.png in Resources */ = {isa = PBXBuildFile; fileRef = 9480A708140CE6D700873A71 /* appback.png */; };
		948F1D15146154BA003FB7DB /* NSObject+SBJson.m in Sources */ = {isa = PBXBuildFile; fileRef = 948F1CFD146154BA003FB7DB /* NSObject+SBJson.m */; };
		948F1D16146154BA003FB7DB /* SBJsonParser.m in Sources */ = {isa = PBXBuildFile; fileRef = 948F1D00146154BA003FB7DB /* SBJsonParser.m */; };
		948F1D17146154BA003FB7DB /* SBJsonStreamParser.m in Sources */ = {isa = PBXBuildFile; fileRef = 948F1D02146154BA003FB7DB /* SBJsonStreamParser.m */; };
		948F1D18146154BA003FB7DB /* SBJsonStreamParserAccumulator.m in Sources */ = {isa = PBXBuildFile; fileRef = 948F1D04146154BA003FB7DB /* SBJsonStreamParserAccumulator.m */; };
		948F1D19146154BA003FB7DB /* SBJsonStreamParserAdapter.m in Sources */ = {isa = PBXBuildFile; fileRef = 948F1D06146154BA003FB7DB /* SBJsonStreamParserAdapter.m */; };
		948F1D1A146154BA003FB7DB /* SBJsonStreamParserState.m in Sources */ = {isa = PBXBuildFile; fileRef = 948F1D08146154BA003FB7DB /* SBJsonStreamParserState.m */; };
		948F1D1B146154BA003FB7DB /* SBJsonStreamWriter.m in Sources */ = {isa = PBXBuildFile; fileRef = 948F1D0A146154BA003FB7DB /* SBJsonStreamWriter.m */; };
		948F1D1C146154BA003FB7DB /* SBJsonStreamWriterAccumulator.m in Sources */ = {isa = PBXBuildFile; fileRef = 948F1D0C146154BA003FB7DB /* SBJsonStreamWriterAccumulator.m */; };
		948F1D1D146154BA003FB7DB /* SBJsonStreamWriterState.m in Sources */ = {isa = PBXBuildFile; fileRef = 948F1D0E146154BA003FB7DB /* SBJsonStreamWriterState.m */; };
		948F1D1E146154BA003FB7DB /* SBJsonTokeniser.m in Sources */ = {isa = PBXBuildFile; fileRef = 948F1D10146154BA003FB7DB /* SBJsonTokeniser.m */; };
		948F1D1F146154BA003FB7DB /* SBJsonUTF8Stream.m in Sources */ = {isa = PBXBuildFile; fileRef = 948F1D12146154BA003FB7DB /* SBJsonUTF8Stream.m */; };
		948F1D20146154BA003FB7DB /* SBJsonWriter.m in Sources */ = {isa = PBXBuildFile; fileRef = 948F1D14146154BA003FB7DB /* SBJsonWriter.m */; };
		948F1D321463FD87003FB7DB /* News.m in Sources */ = {isa = PBXBuildFile; fileRef = 948F1D311463FD87003FB7DB /* News.m */; };
		948F1D3C146927B4003FB7DB /* UnreadIndicator.png in Resources */ = {isa = PBXBuildFile; fileRef = 948F1D3B146927B4003FB7DB /* UnreadIndicator.png */; };
		948F1D3E146927C4003FB7DB /* ReadIndicator.png in Resources */ = {isa = PBXBuildFile; fileRef = 948F1D3D146927C4003FB7DB /* ReadIndicator.png */; };
		94D5FF7B140CC534001152D8 /* UIKit.framework in Frameworks */ = {isa = PBXBuildFile; fileRef = 94D5FF7A140CC534001152D8 /* UIKit.framework */; };
		94D5FF7D140CC534001152D8 /* Foundation.framework in Frameworks */ = {isa = PBXBuildFile; fileRef = 94D5FF7C140CC534001152D8 /* Foundation.framework */; };
		94D5FF7F140CC534001152D8 /* CoreGraphics.framework in Frameworks */ = {isa = PBXBuildFile; fileRef = 94D5FF7E140CC534001152D8 /* CoreGraphics.framework */; };
		94D5FF85140CC534001152D8 /* InfoPlist.strings in Resources */ = {isa = PBXBuildFile; fileRef = 94D5FF83140CC534001152D8 /* InfoPlist.strings */; };
		94D5FF87140CC534001152D8 /* main.m in Sources */ = {isa = PBXBuildFile; fileRef = 94D5FF86140CC534001152D8 /* main.m */; };
		94D5FF8B140CC534001152D8 /* CareCapAppDelegate.m in Sources */ = {isa = PBXBuildFile; fileRef = 94D5FF8A140CC534001152D8 /* CareCapAppDelegate.m */; };
		94D5FF8E140CC534001152D8 /* MainWindow.xib in Resources */ = {isa = PBXBuildFile; fileRef = 94D5FF8C140CC534001152D8 /* MainWindow.xib */; };
		94D5FFA2140CC534001152D8 /* SenTestingKit.framework in Frameworks */ = {isa = PBXBuildFile; fileRef = 94D5FFA1140CC534001152D8 /* SenTestingKit.framework */; };
		94D5FFA3140CC534001152D8 /* UIKit.framework in Frameworks */ = {isa = PBXBuildFile; fileRef = 94D5FF7A140CC534001152D8 /* UIKit.framework */; };
		94D5FFA4140CC534001152D8 /* Foundation.framework in Frameworks */ = {isa = PBXBuildFile; fileRef = 94D5FF7C140CC534001152D8 /* Foundation.framework */; };
		94D5FFA5140CC534001152D8 /* CoreGraphics.framework in Frameworks */ = {isa = PBXBuildFile; fileRef = 94D5FF7E140CC534001152D8 /* CoreGraphics.framework */; };
		94D5FFAD140CC534001152D8 /* InfoPlist.strings in Resources */ = {isa = PBXBuildFile; fileRef = 94D5FFAB140CC534001152D8 /* InfoPlist.strings */; };
		94D5FFAF140CC534001152D8 /* CareCapTests.h in Resources */ = {isa = PBXBuildFile; fileRef = 94D5FFAE140CC534001152D8 /* CareCapTests.h */; };
		94D5FFB1140CC534001152D8 /* CareCapTests.m in Sources */ = {isa = PBXBuildFile; fileRef = 94D5FFB0140CC534001152D8 /* CareCapTests.m */; };
		94D5FFC0140CC5D4001152D8 /* ZzpCalculationController.m in Sources */ = {isa = PBXBuildFile; fileRef = 94D5FFBB140CC5D4001152D8 /* ZzpCalculationController.m */; };
		94D5FFC1140CC5D4001152D8 /* ZzpCalculationController.xib in Resources */ = {isa = PBXBuildFile; fileRef = 94D5FFBC140CC5D4001152D8 /* ZzpCalculationController.xib */; };
		94D5FFC2140CC5D4001152D8 /* ZzpSelectorController.m in Sources */ = {isa = PBXBuildFile; fileRef = 94D5FFBE140CC5D4001152D8 /* ZzpSelectorController.m */; };
		94D5FFC3140CC5D4001152D8 /* ZzpSelectorController.xib in Resources */ = {isa = PBXBuildFile; fileRef = 94D5FFBF140CC5D4001152D8 /* ZzpSelectorController.xib */; };
		94D5FFC8140CC678001152D8 /* ZZPList.plist in Resources */ = {isa = PBXBuildFile; fileRef = 94D5FFC6140CC678001152D8 /* ZZPList.plist */; };
		94D5FFC9140CC678001152D8 /* ZZPPackage.plist in Resources */ = {isa = PBXBuildFile; fileRef = 94D5FFC7140CC678001152D8 /* ZZPPackage.plist */; };
		94D5FFCC140CC691001152D8 /* FunctionRule.plist in Resources */ = {isa = PBXBuildFile; fileRef = 94D5FFCA140CC691001152D8 /* FunctionRule.plist */; };
		94D5FFCD140CC691001152D8 /* Icon.png in Resources */ = {isa = PBXBuildFile; fileRef = 94D5FFCB140CC691001152D8 /* Icon.png */; };
		94D5FFD1140CC7B1001152D8 /* QuartzCore.framework in Frameworks */ = {isa = PBXBuildFile; fileRef = 94D5FFD0140CC7B1001152D8 /* QuartzCore.framework */; };
		E50A97D7143C4DEB00DC3CFA /* CompanyNewsController.m in Sources */ = {isa = PBXBuildFile; fileRef = E50A97D5143C4DEB00DC3CFA /* CompanyNewsController.m */; };
		E50A97D8143C4DEB00DC3CFA /* CompanyNewsController.xib in Resources */ = {isa = PBXBuildFile; fileRef = E50A97D6143C4DEB00DC3CFA /* CompanyNewsController.xib */; };
		E50A97F4143DC51B00DC3CFA /* NewsDetailController.m in Sources */ = {isa = PBXBuildFile; fileRef = E50A97F2143DC51B00DC3CFA /* NewsDetailController.m */; };
		E50A97F5143DC51B00DC3CFA /* NewsDetailController.xib in Resources */ = {isa = PBXBuildFile; fileRef = E50A97F3143DC51B00DC3CFA /* NewsDetailController.xib */; };
/* End PBXBuildFile section */

/* Begin PBXContainerItemProxy section */
		94D5FFA6140CC534001152D8 /* PBXContainerItemProxy */ = {
			isa = PBXContainerItemProxy;
			containerPortal = 94D5FF6D140CC534001152D8 /* Project object */;
			proxyType = 1;
			remoteGlobalIDString = 94D5FF75140CC534001152D8;
			remoteInfo = CareCap;
		};
/* End PBXContainerItemProxy section */

/* Begin PBXFileReference section */
		946B5578147526BA008F2384 /* NewsBarIcon.png */ = {isa = PBXFileReference; lastKnownFileType = image.png; path = NewsBarIcon.png; sourceTree = "<group>"; };
		946B557A1475297A008F2384 /* CalBarIcon.png */ = {isa = PBXFileReference; lastKnownFileType = image.png; path = CalBarIcon.png; sourceTree = "<group>"; };
		94779383145FF10700FA4F20 /* Reachability.h */ = {isa = PBXFileReference; fileEncoding = 4; lastKnownFileType = sourcecode.c.h; path = Reachability.h; sourceTree = "<group>"; };
		94779384145FF10700FA4F20 /* Reachability.m */ = {isa = PBXFileReference; fileEncoding = 4; lastKnownFileType = sourcecode.c.objc; path = Reachability.m; sourceTree = "<group>"; };
		94779386145FF12E00FA4F20 /* ASIAuthenticationDialog.h */ = {isa = PBXFileReference; fileEncoding = 4; lastKnownFileType = sourcecode.c.h; path = ASIAuthenticationDialog.h; sourceTree = "<group>"; };
		94779387145FF12E00FA4F20 /* ASIAuthenticationDialog.m */ = {isa = PBXFileReference; fileEncoding = 4; lastKnownFileType = sourcecode.c.objc; path = ASIAuthenticationDialog.m; sourceTree = "<group>"; };
		94779388145FF12E00FA4F20 /* ASICacheDelegate.h */ = {isa = PBXFileReference; fileEncoding = 4; lastKnownFileType = sourcecode.c.h; path = ASICacheDelegate.h; sourceTree = "<group>"; };
		94779389145FF12E00FA4F20 /* ASIDataCompressor.h */ = {isa = PBXFileReference; fileEncoding = 4; lastKnownFileType = sourcecode.c.h; path = ASIDataCompressor.h; sourceTree = "<group>"; };
		9477938A145FF12E00FA4F20 /* ASIDataCompressor.m */ = {isa = PBXFileReference; fileEncoding = 4; lastKnownFileType = sourcecode.c.objc; path = ASIDataCompressor.m; sourceTree = "<group>"; };
		9477938B145FF12E00FA4F20 /* ASIDataDecompressor.h */ = {isa = PBXFileReference; fileEncoding = 4; lastKnownFileType = sourcecode.c.h; path = ASIDataDecompressor.h; sourceTree = "<group>"; };
		9477938C145FF12E00FA4F20 /* ASIDataDecompressor.m */ = {isa = PBXFileReference; fileEncoding = 4; lastKnownFileType = sourcecode.c.objc; path = ASIDataDecompressor.m; sourceTree = "<group>"; };
		9477938D145FF12E00FA4F20 /* ASIDownloadCache.h */ = {isa = PBXFileReference; fileEncoding = 4; lastKnownFileType = sourcecode.c.h; path = ASIDownloadCache.h; sourceTree = "<group>"; };
		9477938E145FF12E00FA4F20 /* ASIDownloadCache.m */ = {isa = PBXFileReference; fileEncoding = 4; lastKnownFileType = sourcecode.c.objc; path = ASIDownloadCache.m; sourceTree = "<group>"; };
		9477938F145FF12E00FA4F20 /* ASIFormDataRequest.h */ = {isa = PBXFileReference; fileEncoding = 4; lastKnownFileType = sourcecode.c.h; path = ASIFormDataRequest.h; sourceTree = "<group>"; };
		94779390145FF12E00FA4F20 /* ASIFormDataRequest.m */ = {isa = PBXFileReference; fileEncoding = 4; lastKnownFileType = sourcecode.c.objc; path = ASIFormDataRequest.m; sourceTree = "<group>"; };
		94779391145FF12E00FA4F20 /* ASIHTTPRequest.h */ = {isa = PBXFileReference; fileEncoding = 4; lastKnownFileType = sourcecode.c.h; path = ASIHTTPRequest.h; sourceTree = "<group>"; };
		94779392145FF12E00FA4F20 /* ASIHTTPRequest.m */ = {isa = PBXFileReference; fileEncoding = 4; lastKnownFileType = sourcecode.c.objc; path = ASIHTTPRequest.m; sourceTree = "<group>"; };
		94779393145FF12E00FA4F20 /* ASIHTTPRequestConfig.h */ = {isa = PBXFileReference; fileEncoding = 4; lastKnownFileType = sourcecode.c.h; path = ASIHTTPRequestConfig.h; sourceTree = "<group>"; };
		94779394145FF12E00FA4F20 /* ASIHTTPRequestDelegate.h */ = {isa = PBXFileReference; fileEncoding = 4; lastKnownFileType = sourcecode.c.h; path = ASIHTTPRequestDelegate.h; sourceTree = "<group>"; };
		94779395145FF12E00FA4F20 /* ASIInputStream.h */ = {isa = PBXFileReference; fileEncoding = 4; lastKnownFileType = sourcecode.c.h; path = ASIInputStream.h; sourceTree = "<group>"; };
		94779396145FF12E00FA4F20 /* ASIInputStream.m */ = {isa = PBXFileReference; fileEncoding = 4; lastKnownFileType = sourcecode.c.objc; path = ASIInputStream.m; sourceTree = "<group>"; };
		94779397145FF12E00FA4F20 /* ASINetworkQueue.h */ = {isa = PBXFileReference; fileEncoding = 4; lastKnownFileType = sourcecode.c.h; path = ASINetworkQueue.h; sourceTree = "<group>"; };
		94779398145FF12E00FA4F20 /* ASINetworkQueue.m */ = {isa = PBXFileReference; fileEncoding = 4; lastKnownFileType = sourcecode.c.objc; path = ASINetworkQueue.m; sourceTree = "<group>"; };
		94779399145FF12E00FA4F20 /* ASIProgressDelegate.h */ = {isa = PBXFileReference; fileEncoding = 4; lastKnownFileType = sourcecode.c.h; path = ASIProgressDelegate.h; sourceTree = "<group>"; };
		947793A2145FF16D00FA4F20 /* CFNetwork.framework */ = {isa = PBXFileReference; lastKnownFileType = wrapper.framework; name = CFNetwork.framework; path = System/Library/Frameworks/CFNetwork.framework; sourceTree = SDKROOT; };
		947793A4145FF1B400FA4F20 /* SystemConfiguration.framework */ = {isa = PBXFileReference; lastKnownFileType = wrapper.framework; name = SystemConfiguration.framework; path = System/Library/Frameworks/SystemConfiguration.framework; sourceTree = SDKROOT; };
		947793A6145FF1BF00FA4F20 /* MobileCoreServices.framework */ = {isa = PBXFileReference; lastKnownFileType = wrapper.framework; name = MobileCoreServices.framework; path = System/Library/Frameworks/MobileCoreServices.framework; sourceTree = SDKROOT; };
		947793A8145FF1CF00FA4F20 /* libz.1.2.5.dylib */ = {isa = PBXFileReference; lastKnownFileType = "compiled.mach-o.dylib"; name = libz.1.2.5.dylib; path = usr/lib/libz.1.2.5.dylib; sourceTree = SDKROOT; };
		9480A6F9140CDAAB00873A71 /* Entitlements.entitlements */ = {isa = PBXFileReference; fileEncoding = 4; lastKnownFileType = text.xml; name = Entitlements.entitlements; path = ../Entitlements.entitlements; sourceTree = "<group>"; };
		9480A708140CE6D700873A71 /* appback.png */ = {isa = PBXFileReference; lastKnownFileType = image.png; path = appback.png; sourceTree = "<group>"; };
		948F1CFC146154BA003FB7DB /* NSObject+SBJson.h */ = {isa = PBXFileReference; fileEncoding = 4; lastKnownFileType = sourcecode.c.h; path = "NSObject+SBJson.h"; sourceTree = "<group>"; };
		948F1CFD146154BA003FB7DB /* NSObject+SBJson.m */ = {isa = PBXFileReference; fileEncoding = 4; lastKnownFileType = sourcecode.c.objc; path = "NSObject+SBJson.m"; sourceTree = "<group>"; };
		948F1CFE146154BA003FB7DB /* SBJson.h */ = {isa = PBXFileReference; fileEncoding = 4; lastKnownFileType = sourcecode.c.h; path = SBJson.h; sourceTree = "<group>"; };
		948F1CFF146154BA003FB7DB /* SBJsonParser.h */ = {isa = PBXFileReference; fileEncoding = 4; lastKnownFileType = sourcecode.c.h; path = SBJsonParser.h; sourceTree = "<group>"; };
		948F1D00146154BA003FB7DB /* SBJsonParser.m */ = {isa = PBXFileReference; fileEncoding = 4; lastKnownFileType = sourcecode.c.objc; path = SBJsonParser.m; sourceTree = "<group>"; };
		948F1D01146154BA003FB7DB /* SBJsonStreamParser.h */ = {isa = PBXFileReference; fileEncoding = 4; lastKnownFileType = sourcecode.c.h; path = SBJsonStreamParser.h; sourceTree = "<group>"; };
		948F1D02146154BA003FB7DB /* SBJsonStreamParser.m */ = {isa = PBXFileReference; fileEncoding = 4; lastKnownFileType = sourcecode.c.objc; path = SBJsonStreamParser.m; sourceTree = "<group>"; };
		948F1D03146154BA003FB7DB /* SBJsonStreamParserAccumulator.h */ = {isa = PBXFileReference; fileEncoding = 4; lastKnownFileType = sourcecode.c.h; path = SBJsonStreamParserAccumulator.h; sourceTree = "<group>"; };
		948F1D04146154BA003FB7DB /* SBJsonStreamParserAccumulator.m */ = {isa = PBXFileReference; fileEncoding = 4; lastKnownFileType = sourcecode.c.objc; path = SBJsonStreamParserAccumulator.m; sourceTree = "<group>"; };
		948F1D05146154BA003FB7DB /* SBJsonStreamParserAdapter.h */ = {isa = PBXFileReference; fileEncoding = 4; lastKnownFileType = sourcecode.c.h; path = SBJsonStreamParserAdapter.h; sourceTree = "<group>"; };
		948F1D06146154BA003FB7DB /* SBJsonStreamParserAdapter.m */ = {isa = PBXFileReference; fileEncoding = 4; lastKnownFileType = sourcecode.c.objc; path = SBJsonStreamParserAdapter.m; sourceTree = "<group>"; };
		948F1D07146154BA003FB7DB /* SBJsonStreamParserState.h */ = {isa = PBXFileReference; fileEncoding = 4; lastKnownFileType = sourcecode.c.h; path = SBJsonStreamParserState.h; sourceTree = "<group>"; };
		948F1D08146154BA003FB7DB /* SBJsonStreamParserState.m */ = {isa = PBXFileReference; fileEncoding = 4; lastKnownFileType = sourcecode.c.objc; path = SBJsonStreamParserState.m; sourceTree = "<group>"; };
		948F1D09146154BA003FB7DB /* SBJsonStreamWriter.h */ = {isa = PBXFileReference; fileEncoding = 4; lastKnownFileType = sourcecode.c.h; path = SBJsonStreamWriter.h; sourceTree = "<group>"; };
		948F1D0A146154BA003FB7DB /* SBJsonStreamWriter.m */ = {isa = PBXFileReference; fileEncoding = 4; lastKnownFileType = sourcecode.c.objc; path = SBJsonStreamWriter.m; sourceTree = "<group>"; };
		948F1D0B146154BA003FB7DB /* SBJsonStreamWriterAccumulator.h */ = {isa = PBXFileReference; fileEncoding = 4; lastKnownFileType = sourcecode.c.h; path = SBJsonStreamWriterAccumulator.h; sourceTree = "<group>"; };
		948F1D0C146154BA003FB7DB /* SBJsonStreamWriterAccumulator.m */ = {isa = PBXFileReference; fileEncoding = 4; lastKnownFileType = sourcecode.c.objc; path = SBJsonStreamWriterAccumulator.m; sourceTree = "<group>"; };
		948F1D0D146154BA003FB7DB /* SBJsonStreamWriterState.h */ = {isa = PBXFileReference; fileEncoding = 4; lastKnownFileType = sourcecode.c.h; path = SBJsonStreamWriterState.h; sourceTree = "<group>"; };
		948F1D0E146154BA003FB7DB /* SBJsonStreamWriterState.m */ = {isa = PBXFileReference; fileEncoding = 4; lastKnownFileType = sourcecode.c.objc; path = SBJsonStreamWriterState.m; sourceTree = "<group>"; };
		948F1D0F146154BA003FB7DB /* SBJsonTokeniser.h */ = {isa = PBXFileReference; fileEncoding = 4; lastKnownFileType = sourcecode.c.h; path = SBJsonTokeniser.h; sourceTree = "<group>"; };
		948F1D10146154BA003FB7DB /* SBJsonTokeniser.m */ = {isa = PBXFileReference; fileEncoding = 4; lastKnownFileType = sourcecode.c.objc; path = SBJsonTokeniser.m; sourceTree = "<group>"; };
		948F1D11146154BA003FB7DB /* SBJsonUTF8Stream.h */ = {isa = PBXFileReference; fileEncoding = 4; lastKnownFileType = sourcecode.c.h; path = SBJsonUTF8Stream.h; sourceTree = "<group>"; };
		948F1D12146154BA003FB7DB /* SBJsonUTF8Stream.m */ = {isa = PBXFileReference; fileEncoding = 4; lastKnownFileType = sourcecode.c.objc; path = SBJsonUTF8Stream.m; sourceTree = "<group>"; };
		948F1D13146154BA003FB7DB /* SBJsonWriter.h */ = {isa = PBXFileReference; fileEncoding = 4; lastKnownFileType = sourcecode.c.h; path = SBJsonWriter.h; sourceTree = "<group>"; };
		948F1D14146154BA003FB7DB /* SBJsonWriter.m */ = {isa = PBXFileReference; fileEncoding = 4; lastKnownFileType = sourcecode.c.objc; path = SBJsonWriter.m; sourceTree = "<group>"; };
		948F1D301463FD87003FB7DB /* News.h */ = {isa = PBXFileReference; fileEncoding = 4; lastKnownFileType = sourcecode.c.h; path = News.h; sourceTree = "<group>"; };
		948F1D311463FD87003FB7DB /* News.m */ = {isa = PBXFileReference; fileEncoding = 4; lastKnownFileType = sourcecode.c.objc; path = News.m; sourceTree = "<group>"; };
		948F1D3B146927B4003FB7DB /* UnreadIndicator.png */ = {isa = PBXFileReference; lastKnownFileType = image.png; path = UnreadIndicator.png; sourceTree = "<group>"; };
		948F1D3D146927C4003FB7DB /* ReadIndicator.png */ = {isa = PBXFileReference; lastKnownFileType = image.png; path = ReadIndicator.png; sourceTree = "<group>"; };
		94D5FF76140CC534001152D8 /* CareCap.app */ = {isa = PBXFileReference; explicitFileType = wrapper.application; includeInIndex = 0; path = CareCap.app; sourceTree = BUILT_PRODUCTS_DIR; };
		94D5FF7A140CC534001152D8 /* UIKit.framework */ = {isa = PBXFileReference; lastKnownFileType = wrapper.framework; name = UIKit.framework; path = System/Library/Frameworks/UIKit.framework; sourceTree = SDKROOT; };
		94D5FF7C140CC534001152D8 /* Foundation.framework */ = {isa = PBXFileReference; lastKnownFileType = wrapper.framework; name = Foundation.framework; path = System/Library/Frameworks/Foundation.framework; sourceTree = SDKROOT; };
		94D5FF7E140CC534001152D8 /* CoreGraphics.framework */ = {isa = PBXFileReference; lastKnownFileType = wrapper.framework; name = CoreGraphics.framework; path = System/Library/Frameworks/CoreGraphics.framework; sourceTree = SDKROOT; };
		94D5FF82140CC534001152D8 /* CareCap-Info.plist */ = {isa = PBXFileReference; lastKnownFileType = text.plist.xml; path = "CareCap-Info.plist"; sourceTree = "<group>"; };
		94D5FF84140CC534001152D8 /* en */ = {isa = PBXFileReference; lastKnownFileType = text.plist.strings; name = en; path = en.lproj/InfoPlist.strings; sourceTree = "<group>"; };
		94D5FF86140CC534001152D8 /* main.m */ = {isa = PBXFileReference; lastKnownFileType = sourcecode.c.objc; path = main.m; sourceTree = "<group>"; };
		94D5FF88140CC534001152D8 /* CareCap-Prefix.pch */ = {isa = PBXFileReference; lastKnownFileType = sourcecode.c.h; path = "CareCap-Prefix.pch"; sourceTree = "<group>"; };
		94D5FF89140CC534001152D8 /* CareCapAppDelegate.h */ = {isa = PBXFileReference; lastKnownFileType = sourcecode.c.h; path = CareCapAppDelegate.h; sourceTree = "<group>"; };
		94D5FF8A140CC534001152D8 /* CareCapAppDelegate.m */ = {isa = PBXFileReference; lastKnownFileType = sourcecode.c.objc; path = CareCapAppDelegate.m; sourceTree = "<group>"; };
		94D5FF8D140CC534001152D8 /* en */ = {isa = PBXFileReference; lastKnownFileType = file.xib; name = en; path = en.lproj/MainWindow.xib; sourceTree = "<group>"; };
		94D5FFA0140CC534001152D8 /* CareCapTests.octest */ = {isa = PBXFileReference; explicitFileType = wrapper.cfbundle; includeInIndex = 0; path = CareCapTests.octest; sourceTree = BUILT_PRODUCTS_DIR; };
		94D5FFA1140CC534001152D8 /* SenTestingKit.framework */ = {isa = PBXFileReference; lastKnownFileType = wrapper.framework; name = SenTestingKit.framework; path = Library/Frameworks/SenTestingKit.framework; sourceTree = DEVELOPER_DIR; };
		94D5FFAA140CC534001152D8 /* CareCapTests-Info.plist */ = {isa = PBXFileReference; lastKnownFileType = text.plist.xml; path = "CareCapTests-Info.plist"; sourceTree = "<group>"; };
		94D5FFAC140CC534001152D8 /* en */ = {isa = PBXFileReference; lastKnownFileType = text.plist.strings; name = en; path = en.lproj/InfoPlist.strings; sourceTree = "<group>"; };
		94D5FFAE140CC534001152D8 /* CareCapTests.h */ = {isa = PBXFileReference; lastKnownFileType = sourcecode.c.h; path = CareCapTests.h; sourceTree = "<group>"; };
		94D5FFB0140CC534001152D8 /* CareCapTests.m */ = {isa = PBXFileReference; lastKnownFileType = sourcecode.c.objc; path = CareCapTests.m; sourceTree = "<group>"; };
		94D5FFBA140CC5D4001152D8 /* ZzpCalculationController.h */ = {isa = PBXFileReference; fileEncoding = 4; lastKnownFileType = sourcecode.c.h; path = ZzpCalculationController.h; sourceTree = "<group>"; };
		94D5FFBB140CC5D4001152D8 /* ZzpCalculationController.m */ = {isa = PBXFileReference; fileEncoding = 4; lastKnownFileType = sourcecode.c.objc; path = ZzpCalculationController.m; sourceTree = "<group>"; };
		94D5FFBC140CC5D4001152D8 /* ZzpCalculationController.xib */ = {isa = PBXFileReference; fileEncoding = 4; lastKnownFileType = file.xib; name = ZzpCalculationController.xib; path = CareCap/ZzpCalculationController.xib; sourceTree = "<group>"; };
		94D5FFBD140CC5D4001152D8 /* ZzpSelectorController.h */ = {isa = PBXFileReference; fileEncoding = 4; lastKnownFileType = sourcecode.c.h; path = ZzpSelectorController.h; sourceTree = "<group>"; };
		94D5FFBE140CC5D4001152D8 /* ZzpSelectorController.m */ = {isa = PBXFileReference; fileEncoding = 4; lastKnownFileType = sourcecode.c.objc; path = ZzpSelectorController.m; sourceTree = "<group>"; };
		94D5FFBF140CC5D4001152D8 /* ZzpSelectorController.xib */ = {isa = PBXFileReference; fileEncoding = 4; lastKnownFileType = file.xib; name = ZzpSelectorController.xib; path = CareCap/ZzpSelectorController.xib; sourceTree = "<group>"; };
		94D5FFC6140CC678001152D8 /* ZZPList.plist */ = {isa = PBXFileReference; fileEncoding = 4; lastKnownFileType = text.plist.xml; path = ZZPList.plist; sourceTree = "<group>"; };
		94D5FFC7140CC678001152D8 /* ZZPPackage.plist */ = {isa = PBXFileReference; fileEncoding = 4; lastKnownFileType = text.plist.xml; path = ZZPPackage.plist; sourceTree = "<group>"; };
		94D5FFCA140CC691001152D8 /* FunctionRule.plist */ = {isa = PBXFileReference; fileEncoding = 4; lastKnownFileType = text.plist.xml; path = FunctionRule.plist; sourceTree = "<group>"; };
		94D5FFCB140CC691001152D8 /* Icon.png */ = {isa = PBXFileReference; lastKnownFileType = image.png; path = Icon.png; sourceTree = "<group>"; };
		94D5FFD0140CC7B1001152D8 /* QuartzCore.framework */ = {isa = PBXFileReference; lastKnownFileType = wrapper.framework; name = QuartzCore.framework; path = System/Library/Frameworks/QuartzCore.framework; sourceTree = SDKROOT; };
		E50A97D4143C4DEB00DC3CFA /* CompanyNewsController.h */ = {isa = PBXFileReference; fileEncoding = 4; lastKnownFileType = sourcecode.c.h; path = CompanyNewsController.h; sourceTree = "<group>"; };
		E50A97D5143C4DEB00DC3CFA /* CompanyNewsController.m */ = {isa = PBXFileReference; fileEncoding = 4; lastKnownFileType = sourcecode.c.objc; path = CompanyNewsController.m; sourceTree = "<group>"; };
		E50A97D6143C4DEB00DC3CFA /* CompanyNewsController.xib */ = {isa = PBXFileReference; fileEncoding = 4; lastKnownFileType = file.xib; name = CompanyNewsController.xib; path = CareCap/CompanyNewsController.xib; sourceTree = "<group>"; };
		E50A97F1143DC51B00DC3CFA /* NewsDetailController.h */ = {isa = PBXFileReference; fileEncoding = 4; lastKnownFileType = sourcecode.c.h; name = NewsDetailController.h; path = ../NewsDetailController.h; sourceTree = "<group>"; };
		E50A97F2143DC51B00DC3CFA /* NewsDetailController.m */ = {isa = PBXFileReference; fileEncoding = 4; lastKnownFileType = sourcecode.c.objc; name = NewsDetailController.m; path = ../NewsDetailController.m; sourceTree = "<group>"; };
		E50A97F3143DC51B00DC3CFA /* NewsDetailController.xib */ = {isa = PBXFileReference; fileEncoding = 4; lastKnownFileType = file.xib; path = NewsDetailController.xib; sourceTree = "<group>"; };
/* End PBXFileReference section */

/* Begin PBXFrameworksBuildPhase section */
		94D5FF73140CC534001152D8 /* Frameworks */ = {
			isa = PBXFrameworksBuildPhase;
			buildActionMask = 2147483647;
			files = (
				947793A9145FF1CF00FA4F20 /* libz.1.2.5.dylib in Frameworks */,
				947793A7145FF1BF00FA4F20 /* MobileCoreServices.framework in Frameworks */,
				947793A5145FF1B400FA4F20 /* SystemConfiguration.framework in Frameworks */,
				94D5FF7F140CC534001152D8 /* CoreGraphics.framework in Frameworks */,
				947793A3145FF16E00FA4F20 /* CFNetwork.framework in Frameworks */,
				94D5FFD1140CC7B1001152D8 /* QuartzCore.framework in Frameworks */,
				94D5FF7B140CC534001152D8 /* UIKit.framework in Frameworks */,
				94D5FF7D140CC534001152D8 /* Foundation.framework in Frameworks */,
			);
			runOnlyForDeploymentPostprocessing = 0;
		};
		94D5FF9C140CC534001152D8 /* Frameworks */ = {
			isa = PBXFrameworksBuildPhase;
			buildActionMask = 2147483647;
			files = (
				94D5FFA2140CC534001152D8 /* SenTestingKit.framework in Frameworks */,
				94D5FFA3140CC534001152D8 /* UIKit.framework in Frameworks */,
				94D5FFA4140CC534001152D8 /* Foundation.framework in Frameworks */,
				94D5FFA5140CC534001152D8 /* CoreGraphics.framework in Frameworks */,
			);
			runOnlyForDeploymentPostprocessing = 0;
		};
/* End PBXFrameworksBuildPhase section */

/* Begin PBXGroup section */
		9477937E145FF0C500FA4F20 /* OtherResources */ = {
			isa = PBXGroup;
			children = (
				948F1CFA14615496003FB7DB /* SBJson */,
				94779380145FF0E500FA4F20 /* ASIHTTPRequest */,
			);
			name = OtherResources;
			sourceTree = "<group>";
		};
		94779380145FF0E500FA4F20 /* ASIHTTPRequest */ = {
			isa = PBXGroup;
			children = (
				94779386145FF12E00FA4F20 /* ASIAuthenticationDialog.h */,
				94779387145FF12E00FA4F20 /* ASIAuthenticationDialog.m */,
				94779388145FF12E00FA4F20 /* ASICacheDelegate.h */,
				94779389145FF12E00FA4F20 /* ASIDataCompressor.h */,
				9477938A145FF12E00FA4F20 /* ASIDataCompressor.m */,
				9477938B145FF12E00FA4F20 /* ASIDataDecompressor.h */,
				9477938C145FF12E00FA4F20 /* ASIDataDecompressor.m */,
				9477938D145FF12E00FA4F20 /* ASIDownloadCache.h */,
				9477938E145FF12E00FA4F20 /* ASIDownloadCache.m */,
				9477938F145FF12E00FA4F20 /* ASIFormDataRequest.h */,
				94779390145FF12E00FA4F20 /* ASIFormDataRequest.m */,
				94779391145FF12E00FA4F20 /* ASIHTTPRequest.h */,
				94779392145FF12E00FA4F20 /* ASIHTTPRequest.m */,
				94779393145FF12E00FA4F20 /* ASIHTTPRequestConfig.h */,
				94779394145FF12E00FA4F20 /* ASIHTTPRequestDelegate.h */,
				94779395145FF12E00FA4F20 /* ASIInputStream.h */,
				94779396145FF12E00FA4F20 /* ASIInputStream.m */,
				94779397145FF12E00FA4F20 /* ASINetworkQueue.h */,
				94779398145FF12E00FA4F20 /* ASINetworkQueue.m */,
				94779399145FF12E00FA4F20 /* ASIProgressDelegate.h */,
				94779381145FF0F700FA4F20 /* External */,
			);
			name = ASIHTTPRequest;
			sourceTree = "<group>";
		};
		94779381145FF0F700FA4F20 /* External */ = {
			isa = PBXGroup;
			children = (
				94779382145FF10700FA4F20 /* Reachability */,
			);
			name = External;
			sourceTree = "<group>";
		};
		94779382145FF10700FA4F20 /* Reachability */ = {
			isa = PBXGroup;
			children = (
				94779383145FF10700FA4F20 /* Reachability.h */,
				94779384145FF10700FA4F20 /* Reachability.m */,
			);
			path = Reachability;
			sourceTree = "<group>";
		};
		948F1CFA14615496003FB7DB /* SBJson */ = {
			isa = PBXGroup;
			children = (
				948F1CFC146154BA003FB7DB /* NSObject+SBJson.h */,
				948F1CFD146154BA003FB7DB /* NSObject+SBJson.m */,
				948F1CFE146154BA003FB7DB /* SBJson.h */,
				948F1CFF146154BA003FB7DB /* SBJsonParser.h */,
				948F1D00146154BA003FB7DB /* SBJsonParser.m */,
				948F1D01146154BA003FB7DB /* SBJsonStreamParser.h */,
				948F1D02146154BA003FB7DB /* SBJsonStreamParser.m */,
				948F1D03146154BA003FB7DB /* SBJsonStreamParserAccumulator.h */,
				948F1D04146154BA003FB7DB /* SBJsonStreamParserAccumulator.m */,
				948F1D05146154BA003FB7DB /* SBJsonStreamParserAdapter.h */,
				948F1D06146154BA003FB7DB /* SBJsonStreamParserAdapter.m */,
				948F1D07146154BA003FB7DB /* SBJsonStreamParserState.h */,
				948F1D08146154BA003FB7DB /* SBJsonStreamParserState.m */,
				948F1D09146154BA003FB7DB /* SBJsonStreamWriter.h */,
				948F1D0A146154BA003FB7DB /* SBJsonStreamWriter.m */,
				948F1D0B146154BA003FB7DB /* SBJsonStreamWriterAccumulator.h */,
				948F1D0C146154BA003FB7DB /* SBJsonStreamWriterAccumulator.m */,
				948F1D0D146154BA003FB7DB /* SBJsonStreamWriterState.h */,
				948F1D0E146154BA003FB7DB /* SBJsonStreamWriterState.m */,
				948F1D0F146154BA003FB7DB /* SBJsonTokeniser.h */,
				948F1D10146154BA003FB7DB /* SBJsonTokeniser.m */,
				948F1D11146154BA003FB7DB /* SBJsonUTF8Stream.h */,
				948F1D12146154BA003FB7DB /* SBJsonUTF8Stream.m */,
				948F1D13146154BA003FB7DB /* SBJsonWriter.h */,
				948F1D14146154BA003FB7DB /* SBJsonWriter.m */,
			);
			name = SBJson;
			sourceTree = "<group>";
		};
		948F1D2E1463FD20003FB7DB /* Modle */ = {
			isa = PBXGroup;
			children = (
				948F1D301463FD87003FB7DB /* News.h */,
				948F1D311463FD87003FB7DB /* News.m */,
			);
			name = Modle;
			sourceTree = "<group>";
		};
		94D5FF6B140CC534001152D8 = {
			isa = PBXGroup;
			children = (
				948F1D2E1463FD20003FB7DB /* Modle */,
				E5070F78143B567200C8C078 /* Resources */,
				94D5FF80140CC534001152D8 /* Classes */,
				94D5FFA8140CC534001152D8 /* CareCapTests */,
				94D5FF79140CC534001152D8 /* Frameworks */,
				94D5FF77140CC534001152D8 /* Products */,
				94D5FF81140CC534001152D8 /* Supporting Files */,
			);
			sourceTree = "<group>";
		};
		94D5FF77140CC534001152D8 /* Products */ = {
			isa = PBXGroup;
			children = (
				94D5FF76140CC534001152D8 /* CareCap.app */,
				94D5FFA0140CC534001152D8 /* CareCapTests.octest */,
			);
			name = Products;
			sourceTree = "<group>";
		};
		94D5FF79140CC534001152D8 /* Frameworks */ = {
			isa = PBXGroup;
			children = (
				947793A8145FF1CF00FA4F20 /* libz.1.2.5.dylib */,
				947793A6145FF1BF00FA4F20 /* MobileCoreServices.framework */,
				947793A4145FF1B400FA4F20 /* SystemConfiguration.framework */,
				947793A2145FF16D00FA4F20 /* CFNetwork.framework */,
				94D5FFD0140CC7B1001152D8 /* QuartzCore.framework */,
				94D5FF7A140CC534001152D8 /* UIKit.framework */,
				94D5FF7C140CC534001152D8 /* Foundation.framework */,
				94D5FF7E140CC534001152D8 /* CoreGraphics.framework */,
				94D5FFA1140CC534001152D8 /* SenTestingKit.framework */,
			);
			name = Frameworks;
			sourceTree = "<group>";
		};
		94D5FF80140CC534001152D8 /* Classes */ = {
			isa = PBXGroup;
			children = (
				94D5FFBA140CC5D4001152D8 /* ZzpCalculationController.h */,
				94D5FFBB140CC5D4001152D8 /* ZzpCalculationController.m */,
				94D5FFBD140CC5D4001152D8 /* ZzpSelectorController.h */,
				94D5FFBE140CC5D4001152D8 /* ZzpSelectorController.m */,
				94D5FF89140CC534001152D8 /* CareCapAppDelegate.h */,
				94D5FF8A140CC534001152D8 /* CareCapAppDelegate.m */,
				E50A97D4143C4DEB00DC3CFA /* CompanyNewsController.h */,
				E50A97D5143C4DEB00DC3CFA /* CompanyNewsController.m */,
				E50A97F1143DC51B00DC3CFA /* NewsDetailController.h */,
				E50A97F2143DC51B00DC3CFA /* NewsDetailController.m */,
			);
			name = Classes;
			path = CareCap;
			sourceTree = "<group>";
		};
		94D5FF81140CC534001152D8 /* Supporting Files */ = {
			isa = PBXGroup;
			children = (
				9480A6F9140CDAAB00873A71 /* Entitlements.entitlements */,
				94D5FF82140CC534001152D8 /* CareCap-Info.plist */,
				94D5FF83140CC534001152D8 /* InfoPlist.strings */,
				94D5FF86140CC534001152D8 /* main.m */,
				94D5FF88140CC534001152D8 /* CareCap-Prefix.pch */,
			);
			name = "Supporting Files";
			path = CareCap;
			sourceTree = "<group>";
		};
		94D5FFA8140CC534001152D8 /* CareCapTests */ = {
			isa = PBXGroup;
			children = (
				94D5FFAE140CC534001152D8 /* CareCapTests.h */,
				94D5FFB0140CC534001152D8 /* CareCapTests.m */,
				94D5FFA9140CC534001152D8 /* Supporting Files */,
			);
			path = CareCapTests;
			sourceTree = "<group>";
		};
		94D5FFA9140CC534001152D8 /* Supporting Files */ = {
			isa = PBXGroup;
			children = (
				94D5FFAA140CC534001152D8 /* CareCapTests-Info.plist */,
				94D5FFAB140CC534001152D8 /* InfoPlist.strings */,
			);
			name = "Supporting Files";
			sourceTree = "<group>";
		};
		E5070F78143B567200C8C078 /* Resources */ = {
			isa = PBXGroup;
			children = (
				9477937E145FF0C500FA4F20 /* OtherResources */,
				94D5FF8C140CC534001152D8 /* MainWindow.xib */,
				94D5FFBF140CC5D4001152D8 /* ZzpSelectorController.xib */,
				94D5FFBC140CC5D4001152D8 /* ZzpCalculationController.xib */,
				E50A97D6143C4DEB00DC3CFA /* CompanyNewsController.xib */,
				E50A97F3143DC51B00DC3CFA /* NewsDetailController.xib */,
				94D5FFC7140CC678001152D8 /* ZZPPackage.plist */,
				94D5FFCA140CC691001152D8 /* FunctionRule.plist */,
				94D5FFC6140CC678001152D8 /* ZZPList.plist */,
				E5070F79143B568500C8C078 /* Images */,
			);
			name = Resources;
			sourceTree = "<group>";
		};
		E5070F79143B568500C8C078 /* Images */ = {
			isa = PBXGroup;
			children = (
				948F1D3D146927C4003FB7DB /* ReadIndicator.png */,
				946B557A1475297A008F2384 /* CalBarIcon.png */,
				946B5578147526BA008F2384 /* NewsBarIcon.png */,
				948F1D3B146927B4003FB7DB /* UnreadIndicator.png */,
				94D5FFCB140CC691001152D8 /* Icon.png */,
				9480A708140CE6D700873A71 /* appback.png */,
			);
			name = Images;
			sourceTree = "<group>";
		};
/* End PBXGroup section */

/* Begin PBXNativeTarget section */
		94D5FF75140CC534001152D8 /* CareCap */ = {
			isa = PBXNativeTarget;
			buildConfigurationList = 94D5FFB4140CC534001152D8 /* Build configuration list for PBXNativeTarget "CareCap" */;
			buildPhases = (
				94D5FF72140CC534001152D8 /* Sources */,
				94D5FF73140CC534001152D8 /* Frameworks */,
				94D5FF74140CC534001152D8 /* Resources */,
			);
			buildRules = (
			);
			dependencies = (
			);
			name = CareCap;
			productName = CareCap;
			productReference = 94D5FF76140CC534001152D8 /* CareCap.app */;
			productType = "com.apple.product-type.application";
		};
		94D5FF9F140CC534001152D8 /* CareCapTests */ = {
			isa = PBXNativeTarget;
			buildConfigurationList = 94D5FFB7140CC534001152D8 /* Build configuration list for PBXNativeTarget "CareCapTests" */;
			buildPhases = (
				94D5FF9B140CC534001152D8 /* Sources */,
				94D5FF9C140CC534001152D8 /* Frameworks */,
				94D5FF9D140CC534001152D8 /* Resources */,
				94D5FF9E140CC534001152D8 /* ShellScript */,
			);
			buildRules = (
			);
			dependencies = (
				94D5FFA7140CC534001152D8 /* PBXTargetDependency */,
			);
			name = CareCapTests;
			productName = CareCapTests;
			productReference = 94D5FFA0140CC534001152D8 /* CareCapTests.octest */;
			productType = "com.apple.product-type.bundle";
		};
/* End PBXNativeTarget section */

/* Begin PBXProject section */
		94D5FF6D140CC534001152D8 /* Project object */ = {
			isa = PBXProject;
			attributes = {
				LastUpgradeCheck = 0420;
			};
			buildConfigurationList = 94D5FF70140CC534001152D8 /* Build configuration list for PBXProject "CareCap" */;
			compatibilityVersion = "Xcode 3.2";
			developmentRegion = English;
			hasScannedForEncodings = 0;
			knownRegions = (
				en,
			);
			mainGroup = 94D5FF6B140CC534001152D8;
			productRefGroup = 94D5FF77140CC534001152D8 /* Products */;
			projectDirPath = "";
			projectRoot = "";
			targets = (
				94D5FF75140CC534001152D8 /* CareCap */,
				94D5FF9F140CC534001152D8 /* CareCapTests */,
			);
		};
/* End PBXProject section */

/* Begin PBXResourcesBuildPhase section */
		94D5FF74140CC534001152D8 /* Resources */ = {
			isa = PBXResourcesBuildPhase;
			buildActionMask = 2147483647;
			files = (
				94D5FF85140CC534001152D8 /* InfoPlist.strings in Resources */,
				94D5FF8E140CC534001152D8 /* MainWindow.xib in Resources */,
				94D5FFC1140CC5D4001152D8 /* ZzpCalculationController.xib in Resources */,
				94D5FFC3140CC5D4001152D8 /* ZzpSelectorController.xib in Resources */,
				94D5FFC8140CC678001152D8 /* ZZPList.plist in Resources */,
				94D5FFC9140CC678001152D8 /* ZZPPackage.plist in Resources */,
				94D5FFCC140CC691001152D8 /* FunctionRule.plist in Resources */,
				94D5FFCD140CC691001152D8 /* Icon.png in Resources */,
				9480A6FA140CDAAB00873A71 /* Entitlements.entitlements in Resources */,
				9480A709140CE6D700873A71 /* appback.png in Resources */,
				E50A97D8143C4DEB00DC3CFA /* CompanyNewsController.xib in Resources */,
				E50A97F5143DC51B00DC3CFA /* NewsDetailController.xib in Resources */,
				948F1D3C146927B4003FB7DB /* UnreadIndicator.png in Resources */,
				948F1D3E146927C4003FB7DB /* ReadIndicator.png in Resources */,
				946B5579147526BA008F2384 /* NewsBarIcon.png in Resources */,
				946B557B1475297A008F2384 /* CalBarIcon.png in Resources */,
			);
			runOnlyForDeploymentPostprocessing = 0;
		};
		94D5FF9D140CC534001152D8 /* Resources */ = {
			isa = PBXResourcesBuildPhase;
			buildActionMask = 2147483647;
			files = (
				94D5FFAD140CC534001152D8 /* InfoPlist.strings in Resources */,
				94D5FFAF140CC534001152D8 /* CareCapTests.h in Resources */,
			);
			runOnlyForDeploymentPostprocessing = 0;
		};
/* End PBXResourcesBuildPhase section */

/* Begin PBXShellScriptBuildPhase section */
		94D5FF9E140CC534001152D8 /* ShellScript */ = {
			isa = PBXShellScriptBuildPhase;
			buildActionMask = 2147483647;
			files = (
			);
			inputPaths = (
			);
			outputPaths = (
			);
			runOnlyForDeploymentPostprocessing = 0;
			shellPath = /bin/sh;
			shellScript = "# Run the unit tests in this test bundle.\n\"${SYSTEM_DEVELOPER_DIR}/Tools/RunUnitTests\"\n";
		};
/* End PBXShellScriptBuildPhase section */

/* Begin PBXSourcesBuildPhase section */
		94D5FF72140CC534001152D8 /* Sources */ = {
			isa = PBXSourcesBuildPhase;
			buildActionMask = 2147483647;
			files = (
				94D5FF87140CC534001152D8 /* main.m in Sources */,
				94D5FF8B140CC534001152D8 /* CareCapAppDelegate.m in Sources */,
				94D5FFC0140CC5D4001152D8 /* ZzpCalculationController.m in Sources */,
				94D5FFC2140CC5D4001152D8 /* ZzpSelectorController.m in Sources */,
				E50A97D7143C4DEB00DC3CFA /* CompanyNewsController.m in Sources */,
				E50A97F4143DC51B00DC3CFA /* NewsDetailController.m in Sources */,
				94779385145FF10700FA4F20 /* Reachability.m in Sources */,
				9477939A145FF12E00FA4F20 /* ASIAuthenticationDialog.m in Sources */,
				9477939B145FF12E00FA4F20 /* ASIDataCompressor.m in Sources */,
				9477939C145FF12E00FA4F20 /* ASIDataDecompressor.m in Sources */,
				9477939D145FF12E00FA4F20 /* ASIDownloadCache.m in Sources */,
				9477939E145FF12E00FA4F20 /* ASIFormDataRequest.m in Sources */,
				9477939F145FF12E00FA4F20 /* ASIHTTPRequest.m in Sources */,
				947793A0145FF12E00FA4F20 /* ASIInputStream.m in Sources */,
				947793A1145FF12E00FA4F20 /* ASINetworkQueue.m in Sources */,
				948F1D15146154BA003FB7DB /* NSObject+SBJson.m in Sources */,
				948F1D16146154BA003FB7DB /* SBJsonParser.m in Sources */,
				948F1D17146154BA003FB7DB /* SBJsonStreamParser.m in Sources */,
				948F1D18146154BA003FB7DB /* SBJsonStreamParserAccumulator.m in Sources */,
				948F1D19146154BA003FB7DB /* SBJsonStreamParserAdapter.m in Sources */,
				948F1D1A146154BA003FB7DB /* SBJsonStreamParserState.m in Sources */,
				948F1D1B146154BA003FB7DB /* SBJsonStreamWriter.m in Sources */,
				948F1D1C146154BA003FB7DB /* SBJsonStreamWriterAccumulator.m in Sources */,
				948F1D1D146154BA003FB7DB /* SBJsonStreamWriterState.m in Sources */,
				948F1D1E146154BA003FB7DB /* SBJsonTokeniser.m in Sources */,
				948F1D1F146154BA003FB7DB /* SBJsonUTF8Stream.m in Sources */,
				948F1D20146154BA003FB7DB /* SBJsonWriter.m in Sources */,
				948F1D321463FD87003FB7DB /* News.m in Sources */,
			);
			runOnlyForDeploymentPostprocessing = 0;
		};
		94D5FF9B140CC534001152D8 /* Sources */ = {
			isa = PBXSourcesBuildPhase;
			buildActionMask = 2147483647;
			files = (
				94D5FFB1140CC534001152D8 /* CareCapTests.m in Sources */,
			);
			runOnlyForDeploymentPostprocessing = 0;
		};
/* End PBXSourcesBuildPhase section */

/* Begin PBXTargetDependency section */
		94D5FFA7140CC534001152D8 /* PBXTargetDependency */ = {
			isa = PBXTargetDependency;
			target = 94D5FF75140CC534001152D8 /* CareCap */;
			targetProxy = 94D5FFA6140CC534001152D8 /* PBXContainerItemProxy */;
		};
/* End PBXTargetDependency section */

/* Begin PBXVariantGroup section */
		94D5FF83140CC534001152D8 /* InfoPlist.strings */ = {
			isa = PBXVariantGroup;
			children = (
				94D5FF84140CC534001152D8 /* en */,
			);
			name = InfoPlist.strings;
			sourceTree = "<group>";
		};
		94D5FF8C140CC534001152D8 /* MainWindow.xib */ = {
			isa = PBXVariantGroup;
			children = (
				94D5FF8D140CC534001152D8 /* en */,
			);
			name = MainWindow.xib;
			path = CareCap;
			sourceTree = "<group>";
		};
		94D5FFAB140CC534001152D8 /* InfoPlist.strings */ = {
			isa = PBXVariantGroup;
			children = (
				94D5FFAC140CC534001152D8 /* en */,
			);
			name = InfoPlist.strings;
			sourceTree = "<group>";
		};
/* End PBXVariantGroup section */

/* Begin XCBuildConfiguration section */
		9480A6FE140CDE8C00873A71 /* Adhoc */ = {
			isa = XCBuildConfiguration;
			buildSettings = {
				ALWAYS_SEARCH_USER_PATHS = NO;
				ARCHS = (
					armv6,
					"$(ARCHS_STANDARD_32_BIT)",
				);
				CODE_SIGN_ENTITLEMENTS = Entitlements.entitlements;
				CODE_SIGN_IDENTITY = "iPhone Developer: Esther de Grooth (Y2LL2FZZ7H)";
				"CODE_SIGN_IDENTITY[sdk=*]" = "iPhone Developer: Esther de Grooth (Y2LL2FZZ7H)";
				CODE_SIGN_RESOURCE_RULES_PATH = "";
				COPY_PHASE_STRIP = NO;
				GCC_C_LANGUAGE_STANDARD = gnu99;
				GCC_DYNAMIC_NO_PIC = NO;
				GCC_OPTIMIZATION_LEVEL = 0;
				GCC_PREPROCESSOR_DEFINITIONS = (
					"DEBUG=1",
					"$(inherited)",
				);
				GCC_SYMBOLS_PRIVATE_EXTERN = NO;
				GCC_VERSION = com.apple.compilers.llvm.clang.1_0;
				GCC_WARN_ABOUT_MISSING_PROTOTYPES = YES;
				GCC_WARN_ABOUT_RETURN_TYPE = YES;
				GCC_WARN_UNUSED_VARIABLE = YES;
				IPHONEOS_DEPLOYMENT_TARGET = 4.1;
				PROVISIONING_PROFILE = "372B26E7-6431-428D-8E88-A55F054041E0";
				"PROVISIONING_PROFILE[sdk=*]" = "372B26E7-6431-428D-8E88-A55F054041E0";
				SDKROOT = iphoneos;
			};
			name = Adhoc;
		};
		9480A6FF140CDE8C00873A71 /* Adhoc */ = {
			isa = XCBuildConfiguration;
			buildSettings = {
				GCC_PRECOMPILE_PREFIX_HEADER = YES;
				GCC_PREFIX_HEADER = "CareCap/CareCap-Prefix.pch";
				GCC_VERSION = com.apple.compilers.llvm.clang.1_0;
				INFOPLIST_FILE = "CareCap/CareCap-Info.plist";
				IPHONEOS_DEPLOYMENT_TARGET = 4.1;
				PRODUCT_NAME = "$(TARGET_NAME)";
				TARGETED_DEVICE_FAMILY = 1;
				WRAPPER_EXTENSION = app;
			};
			name = Adhoc;
		};
		9480A700140CDE8C00873A71 /* Adhoc */ = {
			isa = XCBuildConfiguration;
			buildSettings = {
				BUNDLE_LOADER = "$(BUILT_PRODUCTS_DIR)/CareCap.app/CareCap";
				FRAMEWORK_SEARCH_PATHS = (
					"$(SDKROOT)/Developer/Library/Frameworks",
					"$(DEVELOPER_LIBRARY_DIR)/Frameworks",
				);
				GCC_PRECOMPILE_PREFIX_HEADER = YES;
				GCC_PREFIX_HEADER = "CareCap/CareCap-Prefix.pch";
				GCC_VERSION = com.apple.compilers.llvm.clang.1_0;
				INFOPLIST_FILE = "CareCapTests/CareCapTests-Info.plist";
				PRODUCT_NAME = "$(TARGET_NAME)";
				TEST_HOST = "$(BUNDLE_LOADER)";
				WRAPPER_EXTENSION = octest;
			};
			name = Adhoc;
		};
		94D5FFB2140CC534001152D8 /* Debug */ = {
			isa = XCBuildConfiguration;
			buildSettings = {
				ALWAYS_SEARCH_USER_PATHS = NO;
				ARCHS = (
					armv6,
					"$(ARCHS_STANDARD_32_BIT)",
				);
				CODE_SIGN_ENTITLEMENTS = "";
				CODE_SIGN_IDENTITY = "iPhone Developer: Esther de Grooth (Y2LL2FZZ7H)";
				"CODE_SIGN_IDENTITY[sdk=*]" = "iPhone Developer: Esther de Grooth (Y2LL2FZZ7H)";
				CODE_SIGN_RESOURCE_RULES_PATH = "";
				COPY_PHASE_STRIP = NO;
				GCC_C_LANGUAGE_STANDARD = gnu99;
				GCC_DYNAMIC_NO_PIC = NO;
				GCC_OPTIMIZATION_LEVEL = 0;
				GCC_PREPROCESSOR_DEFINITIONS = (
					"DEBUG=1",
					"$(inherited)",
				);
				GCC_SYMBOLS_PRIVATE_EXTERN = NO;
				GCC_VERSION = com.apple.compilers.llvm.clang.1_0;
				GCC_WARN_ABOUT_MISSING_PROTOTYPES = YES;
				GCC_WARN_ABOUT_RETURN_TYPE = YES;
				GCC_WARN_UNUSED_VARIABLE = YES;
				IPHONEOS_DEPLOYMENT_TARGET = 4.1;
				PROVISIONING_PROFILE = "372B26E7-6431-428D-8E88-A55F054041E0";
				"PROVISIONING_PROFILE[sdk=*]" = "372B26E7-6431-428D-8E88-A55F054041E0";
				SDKROOT = iphoneos;
			};
			name = Debug;
		};
		94D5FFB3140CC534001152D8 /* Release */ = {
			isa = XCBuildConfiguration;
			buildSettings = {
				ALWAYS_SEARCH_USER_PATHS = NO;
				ARCHS = (
					armv6,
					"$(ARCHS_STANDARD_32_BIT)",
				);
				CODE_SIGN_ENTITLEMENTS = "";
				CODE_SIGN_IDENTITY = "iPhone Developer: Esther de Grooth (Y2LL2FZZ7H)";
				"CODE_SIGN_IDENTITY[sdk=iphoneos*]" = "iPhone Developer: Esther de Grooth (Y2LL2FZZ7H)";
				CODE_SIGN_RESOURCE_RULES_PATH = "";
				COPY_PHASE_STRIP = YES;
				GCC_C_LANGUAGE_STANDARD = gnu99;
				GCC_VERSION = com.apple.compilers.llvm.clang.1_0;
				GCC_WARN_ABOUT_MISSING_PROTOTYPES = YES;
				GCC_WARN_ABOUT_RETURN_TYPE = YES;
				GCC_WARN_UNUSED_VARIABLE = YES;
				IPHONEOS_DEPLOYMENT_TARGET = 4.1;
				OTHER_CFLAGS = "-DNS_BLOCK_ASSERTIONS=1";
				PROVISIONING_PROFILE = "372B26E7-6431-428D-8E88-A55F054041E0";
				"PROVISIONING_PROFILE[sdk=iphoneos*]" = "372B26E7-6431-428D-8E88-A55F054041E0";
				SDKROOT = iphoneos;
				VALIDATE_PRODUCT = YES;
			};
			name = Release;
		};
		94D5FFB5140CC534001152D8 /* Debug */ = {
			isa = XCBuildConfiguration;
			buildSettings = {
				GCC_PRECOMPILE_PREFIX_HEADER = YES;
				GCC_PREFIX_HEADER = "CareCap/CareCap-Prefix.pch";
				GCC_VERSION = com.apple.compilers.llvm.clang.1_0;
				INFOPLIST_FILE = "CareCap/CareCap-Info.plist";
				IPHONEOS_DEPLOYMENT_TARGET = 4.1;
				PRODUCT_NAME = "$(TARGET_NAME)";
				TARGETED_DEVICE_FAMILY = 1;
				WRAPPER_EXTENSION = app;
			};
			name = Debug;
		};
		94D5FFB6140CC534001152D8 /* Release */ = {
			isa = XCBuildConfiguration;
			buildSettings = {
				GCC_PRECOMPILE_PREFIX_HEADER = YES;
				GCC_PREFIX_HEADER = "CareCap/CareCap-Prefix.pch";
				GCC_VERSION = com.apple.compilers.llvm.clang.1_0;
				INFOPLIST_FILE = "CareCap/CareCap-Info.plist";
				IPHONEOS_DEPLOYMENT_TARGET = 4.1;
				PRODUCT_NAME = "$(TARGET_NAME)";
				TARGETED_DEVICE_FAMILY = 1;
				WRAPPER_EXTENSION = app;
			};
			name = Release;
		};
		94D5FFB8140CC534001152D8 /* Debug */ = {
			isa = XCBuildConfiguration;
			buildSettings = {
				BUNDLE_LOADER = "$(BUILT_PRODUCTS_DIR)/CareCap.app/CareCap";
				FRAMEWORK_SEARCH_PATHS = (
					"$(SDKROOT)/Developer/Library/Frameworks",
					"$(DEVELOPER_LIBRARY_DIR)/Frameworks",
				);
				GCC_PRECOMPILE_PREFIX_HEADER = YES;
				GCC_PREFIX_HEADER = "CareCap/CareCap-Prefix.pch";
				GCC_VERSION = com.apple.compilers.llvm.clang.1_0;
				INFOPLIST_FILE = "CareCapTests/CareCapTests-Info.plist";
				PRODUCT_NAME = "$(TARGET_NAME)";
				TEST_HOST = "$(BUNDLE_LOADER)";
				WRAPPER_EXTENSION = octest;
			};
			name = Debug;
		};
		94D5FFB9140CC534001152D8 /* Release */ = {
			isa = XCBuildConfiguration;
			buildSettings = {
				BUNDLE_LOADER = "$(BUILT_PRODUCTS_DIR)/CareCap.app/CareCap";
				FRAMEWORK_SEARCH_PATHS = (
					"$(SDKROOT)/Developer/Library/Frameworks",
					"$(DEVELOPER_LIBRARY_DIR)/Frameworks",
				);
				GCC_PRECOMPILE_PREFIX_HEADER = YES;
				GCC_PREFIX_HEADER = "CareCap/CareCap-Prefix.pch";
				GCC_VERSION = com.apple.compilers.llvm.clang.1_0;
				INFOPLIST_FILE = "CareCapTests/CareCapTests-Info.plist";
				PRODUCT_NAME = "$(TARGET_NAME)";
				TEST_HOST = "$(BUNDLE_LOADER)";
				WRAPPER_EXTENSION = octest;
			};
			name = Release;
		};
/* End XCBuildConfiguration section */

/* Begin XCConfigurationList section */
		94D5FF70140CC534001152D8 /* Build configuration list for PBXProject "CareCap" */ = {
			isa = XCConfigurationList;
			buildConfigurations = (
				94D5FFB2140CC534001152D8 /* Debug */,
				9480A6FE140CDE8C00873A71 /* Adhoc */,
				94D5FFB3140CC534001152D8 /* Release */,
			);
			defaultConfigurationIsVisible = 0;
			defaultConfigurationName = Adhoc;
		};
		94D5FFB4140CC534001152D8 /* Build configuration list for PBXNativeTarget "CareCap" */ = {
			isa = XCConfigurationList;
			buildConfigurations = (
				94D5FFB5140CC534001152D8 /* Debug */,
				9480A6FF140CDE8C00873A71 /* Adhoc */,
				94D5FFB6140CC534001152D8 /* Release */,
			);
			defaultConfigurationIsVisible = 0;
			defaultConfigurationName = Adhoc;
		};
		94D5FFB7140CC534001152D8 /* Build configuration list for PBXNativeTarget "CareCapTests" */ = {
			isa = XCConfigurationList;
			buildConfigurations = (
				94D5FFB8140CC534001152D8 /* Debug */,
				9480A700140CDE8C00873A71 /* Adhoc */,
				94D5FFB9140CC534001152D8 /* Release */,
			);
			defaultConfigurationIsVisible = 0;
			defaultConfigurationName = Adhoc;
		};
/* End XCConfigurationList section */
	};
	rootObject = 94D5FF6D140CC534001152D8 /* Project object */;
}
