// !$*UTF8*$!
{
	archiveVersion = 1;
	classes = {
	};
	objectVersion = 46;
	objects = {

/* Begin PBXBuildFile section */
		9400B31314AC61CD00D9592D /* HelpController.m in Sources */ = {isa = PBXBuildFile; fileRef = 9400B31114AC61CD00D9592D /* HelpController.m */; };
		9400B31414AC61CD00D9592D /* HelpController.xib in Resources */ = {isa = PBXBuildFile; fileRef = 9400B31214AC61CD00D9592D /* HelpController.xib */; };
		94343C6A148CC58E0011BF02 /* Default.png in Resources */ = {isa = PBXBuildFile; fileRef = 94343C69148CC58E0011BF02 /* Default.png */; };
		94343C6C148CC59C0011BF02 /* Default@2x.png in Resources */ = {isa = PBXBuildFile; fileRef = 94343C6B148CC59C0011BF02 /* Default@2x.png */; };
		944BF7F31484C72A00B3009E /* NewsDetailController.m in Sources */ = {isa = PBXBuildFile; fileRef = 944BF7F21484C72A00B3009E /* NewsDetailController.m */; };
		944BF7F91484C76300B3009E /* ZZPList.plist in Resources */ = {isa = PBXBuildFile; fileRef = 944BF7F71484C76300B3009E /* ZZPList.plist */; };
		944BF7FA1484C76300B3009E /* ZZPPackage.plist in Resources */ = {isa = PBXBuildFile; fileRef = 944BF7F81484C76300B3009E /* ZZPPackage.plist */; };
		944BF7FC1484C76B00B3009E /* FunctionRule.plist in Resources */ = {isa = PBXBuildFile; fileRef = 944BF7FB1484C76B00B3009E /* FunctionRule.plist */; };
		944BF7FE1484C79600B3009E /* appback.png in Resources */ = {isa = PBXBuildFile; fileRef = 944BF7FD1484C79600B3009E /* appback.png */; };
		944BF8001484C7A300B3009E /* CalBarIcon.png in Resources */ = {isa = PBXBuildFile; fileRef = 944BF7FF1484C7A300B3009E /* CalBarIcon.png */; };
		944BF8041484C7AE00B3009E /* icon.png in Resources */ = {isa = PBXBuildFile; fileRef = 944BF8011484C7AE00B3009E /* icon.png */; };
		944BF8051484C7AE00B3009E /* icon@2x.png in Resources */ = {isa = PBXBuildFile; fileRef = 944BF8021484C7AE00B3009E /* icon@2x.png */; };
		944BF8061484C7AE00B3009E /* NewsBarIcon.png in Resources */ = {isa = PBXBuildFile; fileRef = 944BF8031484C7AE00B3009E /* NewsBarIcon.png */; };
		944BF8081484C7B600B3009E /* ReadIndicator.png in Resources */ = {isa = PBXBuildFile; fileRef = 944BF8071484C7B600B3009E /* ReadIndicator.png */; };
		944BF80A1484C7BD00B3009E /* UnreadIndicator.png in Resources */ = {isa = PBXBuildFile; fileRef = 944BF8091484C7BD00B3009E /* UnreadIndicator.png */; };
		944BF8231484C7E900B3009E /* ASIAuthenticationDialog.m in Sources */ = {isa = PBXBuildFile; fileRef = 944BF80D1484C7E900B3009E /* ASIAuthenticationDialog.m */; };
		944BF8241484C7E900B3009E /* ASIDataCompressor.m in Sources */ = {isa = PBXBuildFile; fileRef = 944BF8101484C7E900B3009E /* ASIDataCompressor.m */; };
		944BF8251484C7E900B3009E /* ASIDataDecompressor.m in Sources */ = {isa = PBXBuildFile; fileRef = 944BF8121484C7E900B3009E /* ASIDataDecompressor.m */; };
		944BF8261484C7E900B3009E /* ASIDownloadCache.m in Sources */ = {isa = PBXBuildFile; fileRef = 944BF8141484C7E900B3009E /* ASIDownloadCache.m */; };
		944BF8271484C7E900B3009E /* ASIFormDataRequest.m in Sources */ = {isa = PBXBuildFile; fileRef = 944BF8161484C7E900B3009E /* ASIFormDataRequest.m */; };
		944BF8281484C7E900B3009E /* ASIHTTPRequest.m in Sources */ = {isa = PBXBuildFile; fileRef = 944BF8181484C7E900B3009E /* ASIHTTPRequest.m */; };
		944BF8291484C7E900B3009E /* ASIInputStream.m in Sources */ = {isa = PBXBuildFile; fileRef = 944BF81C1484C7E900B3009E /* ASIInputStream.m */; };
		944BF82A1484C7E900B3009E /* ASINetworkQueue.m in Sources */ = {isa = PBXBuildFile; fileRef = 944BF81E1484C7E900B3009E /* ASINetworkQueue.m */; };
		944BF82B1484C7E900B3009E /* Reachability.m in Sources */ = {isa = PBXBuildFile; fileRef = 944BF8221484C7E900B3009E /* Reachability.m */; };
		944BF8461484C80300B3009E /* NSObject+SBJson.m in Sources */ = {isa = PBXBuildFile; fileRef = 944BF82E1484C80300B3009E /* NSObject+SBJson.m */; };
		944BF8471484C80300B3009E /* SBJsonParser.m in Sources */ = {isa = PBXBuildFile; fileRef = 944BF8311484C80300B3009E /* SBJsonParser.m */; };
		944BF8481484C80300B3009E /* SBJsonStreamParser.m in Sources */ = {isa = PBXBuildFile; fileRef = 944BF8331484C80300B3009E /* SBJsonStreamParser.m */; };
		944BF8491484C80300B3009E /* SBJsonStreamParserAccumulator.m in Sources */ = {isa = PBXBuildFile; fileRef = 944BF8351484C80300B3009E /* SBJsonStreamParserAccumulator.m */; };
		944BF84A1484C80300B3009E /* SBJsonStreamParserAdapter.m in Sources */ = {isa = PBXBuildFile; fileRef = 944BF8371484C80300B3009E /* SBJsonStreamParserAdapter.m */; };
		944BF84B1484C80300B3009E /* SBJsonStreamParserState.m in Sources */ = {isa = PBXBuildFile; fileRef = 944BF8391484C80300B3009E /* SBJsonStreamParserState.m */; };
		944BF84C1484C80300B3009E /* SBJsonStreamWriter.m in Sources */ = {isa = PBXBuildFile; fileRef = 944BF83B1484C80300B3009E /* SBJsonStreamWriter.m */; };
		944BF84D1484C80300B3009E /* SBJsonStreamWriterAccumulator.m in Sources */ = {isa = PBXBuildFile; fileRef = 944BF83D1484C80300B3009E /* SBJsonStreamWriterAccumulator.m */; };
		944BF84E1484C80300B3009E /* SBJsonStreamWriterState.m in Sources */ = {isa = PBXBuildFile; fileRef = 944BF83F1484C80300B3009E /* SBJsonStreamWriterState.m */; };
		944BF84F1484C80300B3009E /* SBJsonTokeniser.m in Sources */ = {isa = PBXBuildFile; fileRef = 944BF8411484C80300B3009E /* SBJsonTokeniser.m */; };
		944BF8501484C80300B3009E /* SBJsonUTF8Stream.m in Sources */ = {isa = PBXBuildFile; fileRef = 944BF8431484C80300B3009E /* SBJsonUTF8Stream.m */; };
		944BF8511484C80300B3009E /* SBJsonWriter.m in Sources */ = {isa = PBXBuildFile; fileRef = 944BF8451484C80300B3009E /* SBJsonWriter.m */; };
		944BF8541484C81800B3009E /* News.m in Sources */ = {isa = PBXBuildFile; fileRef = 944BF8531484C81800B3009E /* News.m */; };
		944BF8581484D10000B3009E /* NewsDetailController.xib in Resources */ = {isa = PBXBuildFile; fileRef = 944BF8571484D10000B3009E /* NewsDetailController.xib */; };
		9471D586147F94E300F1DDBD /* Localizable.strings in Resources */ = {isa = PBXBuildFile; fileRef = 9471D584147F94E300F1DDBD /* Localizable.strings */; };
		9471D588147F94F900F1DDBD /* Localizable.strings in Resources */ = {isa = PBXBuildFile; fileRef = 9471D584147F94E300F1DDBD /* Localizable.strings */; };
		9473A8EE14AC7E6500204008 /* 02.png in Resources */ = {isa = PBXBuildFile; fileRef = 9473A8EB14AC7E6500204008 /* 02.png */; };
		9473A8EF14AC7E6500204008 /* 03.png in Resources */ = {isa = PBXBuildFile; fileRef = 9473A8EC14AC7E6500204008 /* 03.png */; };
		9473A8F014AC7E6500204008 /* 04.png in Resources */ = {isa = PBXBuildFile; fileRef = 9473A8ED14AC7E6500204008 /* 04.png */; };
		947793A3145FF16E00FA4F20 /* CFNetwork.framework in Frameworks */ = {isa = PBXBuildFile; fileRef = 947793A2145FF16D00FA4F20 /* CFNetwork.framework */; };
		947793A5145FF1B400FA4F20 /* SystemConfiguration.framework in Frameworks */ = {isa = PBXBuildFile; fileRef = 947793A4145FF1B400FA4F20 /* SystemConfiguration.framework */; };
		947793A7145FF1BF00FA4F20 /* MobileCoreServices.framework in Frameworks */ = {isa = PBXBuildFile; fileRef = 947793A6145FF1BF00FA4F20 /* MobileCoreServices.framework */; };
		947793A9145FF1CF00FA4F20 /* libz.1.2.5.dylib in Frameworks */ = {isa = PBXBuildFile; fileRef = 947793A8145FF1CF00FA4F20 /* libz.1.2.5.dylib */; };
		9480A6FA140CDAAB00873A71 /* Entitlements.entitlements in Resources */ = {isa = PBXBuildFile; fileRef = 9480A6F9140CDAAB00873A71 /* Entitlements.entitlements */; };
		9485B5C31484DAE800CF1469 /* CompanyNewsController.m in Sources */ = {isa = PBXBuildFile; fileRef = 9485B5C11484DAE800CF1469 /* CompanyNewsController.m */; };
		9485B5C41484DAE800CF1469 /* CompanyNewsController.xib in Resources */ = {isa = PBXBuildFile; fileRef = 9485B5C21484DAE800CF1469 /* CompanyNewsController.xib */; };
		9490F45D14AC2628005C7529 /* HelpImageController.m in Sources */ = {isa = PBXBuildFile; fileRef = 9490F45B14AC2628005C7529 /* HelpImageController.m */; };
		9490F45E14AC2628005C7529 /* HelpImageController.xib in Resources */ = {isa = PBXBuildFile; fileRef = 9490F45C14AC2628005C7529 /* HelpImageController.xib */; };
		9490F46114AC437B005C7529 /* 01.png in Resources */ = {isa = PBXBuildFile; fileRef = 9490F46014AC437B005C7529 /* 01.png */; };
		94D5FF7B140CC534001152D8 /* UIKit.framework in Frameworks */ = {isa = PBXBuildFile; fileRef = 94D5FF7A140CC534001152D8 /* UIKit.framework */; };
		94D5FF7D140CC534001152D8 /* Foundation.framework in Frameworks */ = {isa = PBXBuildFile; fileRef = 94D5FF7C140CC534001152D8 /* Foundation.framework */; };
		94D5FF7F140CC534001152D8 /* CoreGraphics.framework in Frameworks */ = {isa = PBXBuildFile; fileRef = 94D5FF7E140CC534001152D8 /* CoreGraphics.framework */; };
		94D5FF85140CC534001152D8 /* InfoPlist.strings in Resources */ = {isa = PBXBuildFile; fileRef = 94D5FF83140CC534001152D8 /* InfoPlist.strings */; };
		94D5FF87140CC534001152D8 /* main.m in Sources */ = {isa = PBXBuildFile; fileRef = 94D5FF86140CC534001152D8 /* main.m */; };
		94D5FF8B140CC534001152D8 /* CareCapAppDelegate.m in Sources */ = {isa = PBXBuildFile; fileRef = 94D5FF8A140CC534001152D8 /* CareCapAppDelegate.m */; };
		94D5FF8E140CC534001152D8 /* MainWindow.xib in Resources */ = {isa = PBXBuildFile; fileRef = 94D5FF8C140CC534001152D8 /* MainWindow.xib */; };
		94D5FFA2140CC534001152D8 /* SenTestingKit.framework in Frameworks */ = {isa = PBXBuildFile; fileRef = 94D5FFA1140CC534001152D8 /* SenTestingKit.framework */; };
		94D5FFA3140CC534001152D8 /* UIKit.framework in Frameworks */ = {isa = PBXBuildFile; fileRef = 94D5FF7A140CC534001152D8 /* UIKit.framework */; };
		94D5FFA4140CC534001152D8 /* Foundation.framework in Frameworks */ = {isa = PBXBuildFile; fileRef = 94D5FF7C140CC534001152D8 /* Foundation.framework */; };
		94D5FFA5140CC534001152D8 /* CoreGraphics.framework in Frameworks */ = {isa = PBXBuildFile; fileRef = 94D5FF7E140CC534001152D8 /* CoreGraphics.framework */; };
		94D5FFAD140CC534001152D8 /* InfoPlist.strings in Resources */ = {isa = PBXBuildFile; fileRef = 94D5FFAB140CC534001152D8 /* InfoPlist.strings */; };
		94D5FFAF140CC534001152D8 /* CareCapTests.h in Resources */ = {isa = PBXBuildFile; fileRef = 94D5FFAE140CC534001152D8 /* CareCapTests.h */; };
		94D5FFB1140CC534001152D8 /* CareCapTests.m in Sources */ = {isa = PBXBuildFile; fileRef = 94D5FFB0140CC534001152D8 /* CareCapTests.m */; };
		94D5FFC0140CC5D4001152D8 /* ZzpCalculationController.m in Sources */ = {isa = PBXBuildFile; fileRef = 94D5FFBB140CC5D4001152D8 /* ZzpCalculationController.m */; };
		94D5FFC1140CC5D4001152D8 /* ZzpCalculationController.xib in Resources */ = {isa = PBXBuildFile; fileRef = 94D5FFBC140CC5D4001152D8 /* ZzpCalculationController.xib */; };
		94D5FFC2140CC5D4001152D8 /* ZzpSelectorController.m in Sources */ = {isa = PBXBuildFile; fileRef = 94D5FFBE140CC5D4001152D8 /* ZzpSelectorController.m */; };
		94D5FFC3140CC5D4001152D8 /* ZzpSelectorController.xib in Resources */ = {isa = PBXBuildFile; fileRef = 94D5FFBF140CC5D4001152D8 /* ZzpSelectorController.xib */; };
		94D5FFD1140CC7B1001152D8 /* QuartzCore.framework in Frameworks */ = {isa = PBXBuildFile; fileRef = 94D5FFD0140CC7B1001152D8 /* QuartzCore.framework */; };
		94F2D11C14A1994F0068951A /* HelperSheet.m in Sources */ = {isa = PBXBuildFile; fileRef = 94F2D11A14A1994E0068951A /* HelperSheet.m */; };
/* End PBXBuildFile section */

/* Begin PBXContainerItemProxy section */
		94D5FFA6140CC534001152D8 /* PBXContainerItemProxy */ = {
			isa = PBXContainerItemProxy;
			containerPortal = 94D5FF6D140CC534001152D8 /* Project object */;
			proxyType = 1;
			remoteGlobalIDString = 94D5FF75140CC534001152D8;
			remoteInfo = CareCap;
		};
/* End PBXContainerItemProxy section */

/* Begin PBXFileReference section */
		9400B31014AC61CD00D9592D /* HelpController.h */ = {isa = PBXFileReference; fileEncoding = 4; lastKnownFileType = sourcecode.c.h; path = HelpController.h; sourceTree = "<group>"; };
		9400B31114AC61CD00D9592D /* HelpController.m */ = {isa = PBXFileReference; fileEncoding = 4; lastKnownFileType = sourcecode.c.objc; path = HelpController.m; sourceTree = "<group>"; };
		9400B31214AC61CD00D9592D /* HelpController.xib */ = {isa = PBXFileReference; fileEncoding = 4; lastKnownFileType = file.xib; name = HelpController.xib; path = CareCap/HelpController.xib; sourceTree = "<group>"; };
		94343C69148CC58E0011BF02 /* Default.png */ = {isa = PBXFileReference; lastKnownFileType = image.png; path = Default.png; sourceTree = "<group>"; };
		94343C6B148CC59C0011BF02 /* Default@2x.png */ = {isa = PBXFileReference; lastKnownFileType = image.png; path = "Default@2x.png"; sourceTree = "<group>"; };
		944BF7F11484C72A00B3009E /* NewsDetailController.h */ = {isa = PBXFileReference; fileEncoding = 4; lastKnownFileType = sourcecode.c.h; path = NewsDetailController.h; sourceTree = "<group>"; };
		944BF7F21484C72A00B3009E /* NewsDetailController.m */ = {isa = PBXFileReference; fileEncoding = 4; lastKnownFileType = sourcecode.c.objc; path = NewsDetailController.m; sourceTree = "<group>"; };
		944BF7F71484C76300B3009E /* ZZPList.plist */ = {isa = PBXFileReference; fileEncoding = 4; lastKnownFileType = text.plist.xml; name = ZZPList.plist; path = Resources/ZZPList.plist; sourceTree = "<group>"; };
		944BF7F81484C76300B3009E /* ZZPPackage.plist */ = {isa = PBXFileReference; fileEncoding = 4; lastKnownFileType = text.plist.xml; name = ZZPPackage.plist; path = Resources/ZZPPackage.plist; sourceTree = "<group>"; };
		944BF7FB1484C76B00B3009E /* FunctionRule.plist */ = {isa = PBXFileReference; fileEncoding = 4; lastKnownFileType = text.plist.xml; name = FunctionRule.plist; path = Resources/FunctionRule.plist; sourceTree = "<group>"; };
		944BF7FD1484C79600B3009E /* appback.png */ = {isa = PBXFileReference; lastKnownFileType = image.png; name = appback.png; path = Resources/appback.png; sourceTree = "<group>"; };
		944BF7FF1484C7A300B3009E /* CalBarIcon.png */ = {isa = PBXFileReference; lastKnownFileType = image.png; name = CalBarIcon.png; path = Resources/CalBarIcon.png; sourceTree = "<group>"; };
		944BF8011484C7AE00B3009E /* icon.png */ = {isa = PBXFileReference; lastKnownFileType = image.png; name = icon.png; path = Resources/icon.png; sourceTree = "<group>"; };
		944BF8021484C7AE00B3009E /* icon@2x.png */ = {isa = PBXFileReference; lastKnownFileType = image.png; name = "icon@2x.png"; path = "Resources/icon@2x.png"; sourceTree = "<group>"; };
		944BF8031484C7AE00B3009E /* NewsBarIcon.png */ = {isa = PBXFileReference; lastKnownFileType = image.png; name = NewsBarIcon.png; path = Resources/NewsBarIcon.png; sourceTree = "<group>"; };
		944BF8071484C7B600B3009E /* ReadIndicator.png */ = {isa = PBXFileReference; lastKnownFileType = image.png; name = ReadIndicator.png; path = Resources/ReadIndicator.png; sourceTree = "<group>"; };
		944BF8091484C7BD00B3009E /* UnreadIndicator.png */ = {isa = PBXFileReference; lastKnownFileType = image.png; name = UnreadIndicator.png; path = Resources/UnreadIndicator.png; sourceTree = "<group>"; };
		944BF80C1484C7E900B3009E /* ASIAuthenticationDialog.h */ = {isa = PBXFileReference; fileEncoding = 4; lastKnownFileType = sourcecode.c.h; path = ASIAuthenticationDialog.h; sourceTree = "<group>"; };
		944BF80D1484C7E900B3009E /* ASIAuthenticationDialog.m */ = {isa = PBXFileReference; fileEncoding = 4; lastKnownFileType = sourcecode.c.objc; path = ASIAuthenticationDialog.m; sourceTree = "<group>"; };
		944BF80E1484C7E900B3009E /* ASICacheDelegate.h */ = {isa = PBXFileReference; fileEncoding = 4; lastKnownFileType = sourcecode.c.h; path = ASICacheDelegate.h; sourceTree = "<group>"; };
		944BF80F1484C7E900B3009E /* ASIDataCompressor.h */ = {isa = PBXFileReference; fileEncoding = 4; lastKnownFileType = sourcecode.c.h; path = ASIDataCompressor.h; sourceTree = "<group>"; };
		944BF8101484C7E900B3009E /* ASIDataCompressor.m */ = {isa = PBXFileReference; fileEncoding = 4; lastKnownFileType = sourcecode.c.objc; path = ASIDataCompressor.m; sourceTree = "<group>"; };
		944BF8111484C7E900B3009E /* ASIDataDecompressor.h */ = {isa = PBXFileReference; fileEncoding = 4; lastKnownFileType = sourcecode.c.h; path = ASIDataDecompressor.h; sourceTree = "<group>"; };
		944BF8121484C7E900B3009E /* ASIDataDecompressor.m */ = {isa = PBXFileReference; fileEncoding = 4; lastKnownFileType = sourcecode.c.objc; path = ASIDataDecompressor.m; sourceTree = "<group>"; };
		944BF8131484C7E900B3009E /* ASIDownloadCache.h */ = {isa = PBXFileReference; fileEncoding = 4; lastKnownFileType = sourcecode.c.h; path = ASIDownloadCache.h; sourceTree = "<group>"; };
		944BF8141484C7E900B3009E /* ASIDownloadCache.m */ = {isa = PBXFileReference; fileEncoding = 4; lastKnownFileType = sourcecode.c.objc; path = ASIDownloadCache.m; sourceTree = "<group>"; };
		944BF8151484C7E900B3009E /* ASIFormDataRequest.h */ = {isa = PBXFileReference; fileEncoding = 4; lastKnownFileType = sourcecode.c.h; path = ASIFormDataRequest.h; sourceTree = "<group>"; };
		944BF8161484C7E900B3009E /* ASIFormDataRequest.m */ = {isa = PBXFileReference; fileEncoding = 4; lastKnownFileType = sourcecode.c.objc; path = ASIFormDataRequest.m; sourceTree = "<group>"; };
		944BF8171484C7E900B3009E /* ASIHTTPRequest.h */ = {isa = PBXFileReference; fileEncoding = 4; lastKnownFileType = sourcecode.c.h; path = ASIHTTPRequest.h; sourceTree = "<group>"; };
		944BF8181484C7E900B3009E /* ASIHTTPRequest.m */ = {isa = PBXFileReference; fileEncoding = 4; lastKnownFileType = sourcecode.c.objc; path = ASIHTTPRequest.m; sourceTree = "<group>"; };
		944BF8191484C7E900B3009E /* ASIHTTPRequestConfig.h */ = {isa = PBXFileReference; fileEncoding = 4; lastKnownFileType = sourcecode.c.h; path = ASIHTTPRequestConfig.h; sourceTree = "<group>"; };
		944BF81A1484C7E900B3009E /* ASIHTTPRequestDelegate.h */ = {isa = PBXFileReference; fileEncoding = 4; lastKnownFileType = sourcecode.c.h; path = ASIHTTPRequestDelegate.h; sourceTree = "<group>"; };
		944BF81B1484C7E900B3009E /* ASIInputStream.h */ = {isa = PBXFileReference; fileEncoding = 4; lastKnownFileType = sourcecode.c.h; path = ASIInputStream.h; sourceTree = "<group>"; };
		944BF81C1484C7E900B3009E /* ASIInputStream.m */ = {isa = PBXFileReference; fileEncoding = 4; lastKnownFileType = sourcecode.c.objc; path = ASIInputStream.m; sourceTree = "<group>"; };
		944BF81D1484C7E900B3009E /* ASINetworkQueue.h */ = {isa = PBXFileReference; fileEncoding = 4; lastKnownFileType = sourcecode.c.h; path = ASINetworkQueue.h; sourceTree = "<group>"; };
		944BF81E1484C7E900B3009E /* ASINetworkQueue.m */ = {isa = PBXFileReference; fileEncoding = 4; lastKnownFileType = sourcecode.c.objc; path = ASINetworkQueue.m; sourceTree = "<group>"; };
		944BF81F1484C7E900B3009E /* ASIProgressDelegate.h */ = {isa = PBXFileReference; fileEncoding = 4; lastKnownFileType = sourcecode.c.h; path = ASIProgressDelegate.h; sourceTree = "<group>"; };
		944BF8211484C7E900B3009E /* Reachability.h */ = {isa = PBXFileReference; fileEncoding = 4; lastKnownFileType = sourcecode.c.h; path = Reachability.h; sourceTree = "<group>"; };
		944BF8221484C7E900B3009E /* Reachability.m */ = {isa = PBXFileReference; fileEncoding = 4; lastKnownFileType = sourcecode.c.objc; path = Reachability.m; sourceTree = "<group>"; };
		944BF82D1484C80300B3009E /* NSObject+SBJson.h */ = {isa = PBXFileReference; fileEncoding = 4; lastKnownFileType = sourcecode.c.h; path = "NSObject+SBJson.h"; sourceTree = "<group>"; };
		944BF82E1484C80300B3009E /* NSObject+SBJson.m */ = {isa = PBXFileReference; fileEncoding = 4; lastKnownFileType = sourcecode.c.objc; path = "NSObject+SBJson.m"; sourceTree = "<group>"; };
		944BF82F1484C80300B3009E /* SBJson.h */ = {isa = PBXFileReference; fileEncoding = 4; lastKnownFileType = sourcecode.c.h; path = SBJson.h; sourceTree = "<group>"; };
		944BF8301484C80300B3009E /* SBJsonParser.h */ = {isa = PBXFileReference; fileEncoding = 4; lastKnownFileType = sourcecode.c.h; path = SBJsonParser.h; sourceTree = "<group>"; };
		944BF8311484C80300B3009E /* SBJsonParser.m */ = {isa = PBXFileReference; fileEncoding = 4; lastKnownFileType = sourcecode.c.objc; path = SBJsonParser.m; sourceTree = "<group>"; };
		944BF8321484C80300B3009E /* SBJsonStreamParser.h */ = {isa = PBXFileReference; fileEncoding = 4; lastKnownFileType = sourcecode.c.h; path = SBJsonStreamParser.h; sourceTree = "<group>"; };
		944BF8331484C80300B3009E /* SBJsonStreamParser.m */ = {isa = PBXFileReference; fileEncoding = 4; lastKnownFileType = sourcecode.c.objc; path = SBJsonStreamParser.m; sourceTree = "<group>"; };
		944BF8341484C80300B3009E /* SBJsonStreamParserAccumulator.h */ = {isa = PBXFileReference; fileEncoding = 4; lastKnownFileType = sourcecode.c.h; path = SBJsonStreamParserAccumulator.h; sourceTree = "<group>"; };
		944BF8351484C80300B3009E /* SBJsonStreamParserAccumulator.m */ = {isa = PBXFileReference; fileEncoding = 4; lastKnownFileType = sourcecode.c.objc; path = SBJsonStreamParserAccumulator.m; sourceTree = "<group>"; };
		944BF8361484C80300B3009E /* SBJsonStreamParserAdapter.h */ = {isa = PBXFileReference; fileEncoding = 4; lastKnownFileType = sourcecode.c.h; path = SBJsonStreamParserAdapter.h; sourceTree = "<group>"; };
		944BF8371484C80300B3009E /* SBJsonStreamParserAdapter.m */ = {isa = PBXFileReference; fileEncoding = 4; lastKnownFileType = sourcecode.c.objc; path = SBJsonStreamParserAdapter.m; sourceTree = "<group>"; };
		944BF8381484C80300B3009E /* SBJsonStreamParserState.h */ = {isa = PBXFileReference; fileEncoding = 4; lastKnownFileType = sourcecode.c.h; path = SBJsonStreamParserState.h; sourceTree = "<group>"; };
		944BF8391484C80300B3009E /* SBJsonStreamParserState.m */ = {isa = PBXFileReference; fileEncoding = 4; lastKnownFileType = sourcecode.c.objc; path = SBJsonStreamParserState.m; sourceTree = "<group>"; };
		944BF83A1484C80300B3009E /* SBJsonStreamWriter.h */ = {isa = PBXFileReference; fileEncoding = 4; lastKnownFileType = sourcecode.c.h; path = SBJsonStreamWriter.h; sourceTree = "<group>"; };
		944BF83B1484C80300B3009E /* SBJsonStreamWriter.m */ = {isa = PBXFileReference; fileEncoding = 4; lastKnownFileType = sourcecode.c.objc; path = SBJsonStreamWriter.m; sourceTree = "<group>"; };
		944BF83C1484C80300B3009E /* SBJsonStreamWriterAccumulator.h */ = {isa = PBXFileReference; fileEncoding = 4; lastKnownFileType = sourcecode.c.h; path = SBJsonStreamWriterAccumulator.h; sourceTree = "<group>"; };
		944BF83D1484C80300B3009E /* SBJsonStreamWriterAccumulator.m */ = {isa = PBXFileReference; fileEncoding = 4; lastKnownFileType = sourcecode.c.objc; path = SBJsonStreamWriterAccumulator.m; sourceTree = "<group>"; };
		944BF83E1484C80300B3009E /* SBJsonStreamWriterState.h */ = {isa = PBXFileReference; fileEncoding = 4; lastKnownFileType = sourcecode.c.h; path = SBJsonStreamWriterState.h; sourceTree = "<group>"; };
		944BF83F1484C80300B3009E /* SBJsonStreamWriterState.m */ = {isa = PBXFileReference; fileEncoding = 4; lastKnownFileType = sourcecode.c.objc; path = SBJsonStreamWriterState.m; sourceTree = "<group>"; };
		944BF8401484C80300B3009E /* SBJsonTokeniser.h */ = {isa = PBXFileReference; fileEncoding = 4; lastKnownFileType = sourcecode.c.h; path = SBJsonTokeniser.h; sourceTree = "<group>"; };
		944BF8411484C80300B3009E /* SBJsonTokeniser.m */ = {isa = PBXFileReference; fileEncoding = 4; lastKnownFileType = sourcecode.c.objc; path = SBJsonTokeniser.m; sourceTree = "<group>"; };
		944BF8421484C80300B3009E /* SBJsonUTF8Stream.h */ = {isa = PBXFileReference; fileEncoding = 4; lastKnownFileType = sourcecode.c.h; path = SBJsonUTF8Stream.h; sourceTree = "<group>"; };
		944BF8431484C80300B3009E /* SBJsonUTF8Stream.m */ = {isa = PBXFileReference; fileEncoding = 4; lastKnownFileType = sourcecode.c.objc; path = SBJsonUTF8Stream.m; sourceTree = "<group>"; };
		944BF8441484C80300B3009E /* SBJsonWriter.h */ = {isa = PBXFileReference; fileEncoding = 4; lastKnownFileType = sourcecode.c.h; path = SBJsonWriter.h; sourceTree = "<group>"; };
		944BF8451484C80300B3009E /* SBJsonWriter.m */ = {isa = PBXFileReference; fileEncoding = 4; lastKnownFileType = sourcecode.c.objc; path = SBJsonWriter.m; sourceTree = "<group>"; };
		944BF8521484C81800B3009E /* News.h */ = {isa = PBXFileReference; fileEncoding = 4; lastKnownFileType = sourcecode.c.h; name = News.h; path = Modle/News.h; sourceTree = "<group>"; };
		944BF8531484C81800B3009E /* News.m */ = {isa = PBXFileReference; fileEncoding = 4; lastKnownFileType = sourcecode.c.objc; name = News.m; path = Modle/News.m; sourceTree = "<group>"; };
		944BF8571484D10000B3009E /* NewsDetailController.xib */ = {isa = PBXFileReference; fileEncoding = 4; lastKnownFileType = file.xib; name = NewsDetailController.xib; path = CareCap/NewsDetailController.xib; sourceTree = "<group>"; };
		9471D575147F83F500F1DDBD /* nl */ = {isa = PBXFileReference; lastKnownFileType = text.plist.strings; name = nl; path = "/Users/tba-sh-apple/github/CareCap_TBA_SH/CareCapTests/nl.lproj/InfoPlist.strings"; sourceTree = "<absolute>"; };
		9471D577147F83F500F1DDBD /* nl */ = {isa = PBXFileReference; lastKnownFileType = file.xib; name = nl; path = "/Users/tba-sh-apple/github/CareCap_TBA_SH/CareCap/nl.lproj/MainWindow.xib"; sourceTree = "<absolute>"; };
		9471D578147F83F500F1DDBD /* nl */ = {isa = PBXFileReference; lastKnownFileType = text.plist.strings; name = nl; path = "/Users/tba-sh-apple/github/CareCap_TBA_SH/CareCap/nl.lproj/InfoPlist.strings"; sourceTree = "<absolute>"; };
		9471D585147F94E300F1DDBD /* en */ = {isa = PBXFileReference; lastKnownFileType = text.plist.strings; name = en; path = en.lproj/Localizable.strings; sourceTree = "<group>"; };
		9471D587147F94F900F1DDBD /* nl */ = {isa = PBXFileReference; lastKnownFileType = text.plist.strings; name = nl; path = nl.lproj/Localizable.strings; sourceTree = "<group>"; };
		9473A8EB14AC7E6500204008 /* 02.png */ = {isa = PBXFileReference; lastKnownFileType = image.png; name = 02.png; path = Resources/02.png; sourceTree = "<group>"; };
		9473A8EC14AC7E6500204008 /* 03.png */ = {isa = PBXFileReference; lastKnownFileType = image.png; name = 03.png; path = Resources/03.png; sourceTree = "<group>"; };
		9473A8ED14AC7E6500204008 /* 04.png */ = {isa = PBXFileReference; lastKnownFileType = image.png; name = 04.png; path = Resources/04.png; sourceTree = "<group>"; };
		947793A2145FF16D00FA4F20 /* CFNetwork.framework */ = {isa = PBXFileReference; lastKnownFileType = wrapper.framework; name = CFNetwork.framework; path = System/Library/Frameworks/CFNetwork.framework; sourceTree = SDKROOT; };
		947793A4145FF1B400FA4F20 /* SystemConfiguration.framework */ = {isa = PBXFileReference; lastKnownFileType = wrapper.framework; name = SystemConfiguration.framework; path = System/Library/Frameworks/SystemConfiguration.framework; sourceTree = SDKROOT; };
		947793A6145FF1BF00FA4F20 /* MobileCoreServices.framework */ = {isa = PBXFileReference; lastKnownFileType = wrapper.framework; name = MobileCoreServices.framework; path = System/Library/Frameworks/MobileCoreServices.framework; sourceTree = SDKROOT; };
		947793A8145FF1CF00FA4F20 /* libz.1.2.5.dylib */ = {isa = PBXFileReference; lastKnownFileType = "compiled.mach-o.dylib"; name = libz.1.2.5.dylib; path = usr/lib/libz.1.2.5.dylib; sourceTree = SDKROOT; };
		9480A6F9140CDAAB00873A71 /* Entitlements.entitlements */ = {isa = PBXFileReference; fileEncoding = 4; lastKnownFileType = text.xml; name = Entitlements.entitlements; path = ../Entitlements.entitlements; sourceTree = "<group>"; };
		9485B5C01484DAE800CF1469 /* CompanyNewsController.h */ = {isa = PBXFileReference; fileEncoding = 4; lastKnownFileType = sourcecode.c.h; path = CompanyNewsController.h; sourceTree = "<group>"; };
		9485B5C11484DAE800CF1469 /* CompanyNewsController.m */ = {isa = PBXFileReference; fileEncoding = 4; lastKnownFileType = sourcecode.c.objc; path = CompanyNewsController.m; sourceTree = "<group>"; };
		9485B5C21484DAE800CF1469 /* CompanyNewsController.xib */ = {isa = PBXFileReference; fileEncoding = 4; lastKnownFileType = file.xib; name = CompanyNewsController.xib; path = CareCap/CompanyNewsController.xib; sourceTree = "<group>"; };
		9490F45A14AC2628005C7529 /* HelpImageController.h */ = {isa = PBXFileReference; fileEncoding = 4; lastKnownFileType = sourcecode.c.h; path = HelpImageController.h; sourceTree = "<group>"; };
		9490F45B14AC2628005C7529 /* HelpImageController.m */ = {isa = PBXFileReference; fileEncoding = 4; lastKnownFileType = sourcecode.c.objc; path = HelpImageController.m; sourceTree = "<group>"; };
		9490F45C14AC2628005C7529 /* HelpImageController.xib */ = {isa = PBXFileReference; fileEncoding = 4; lastKnownFileType = file.xib; name = HelpImageController.xib; path = CareCap/HelpImageController.xib; sourceTree = "<group>"; };
		9490F46014AC437B005C7529 /* 01.png */ = {isa = PBXFileReference; lastKnownFileType = image.png; name = 01.png; path = Resources/01.png; sourceTree = "<group>"; };
		94D5FF76140CC534001152D8 /* CareCap.app */ = {isa = PBXFileReference; explicitFileType = wrapper.application; includeInIndex = 0; path = CareCap.app; sourceTree = BUILT_PRODUCTS_DIR; };
		94D5FF7A140CC534001152D8 /* UIKit.framework */ = {isa = PBXFileReference; lastKnownFileType = wrapper.framework; name = UIKit.framework; path = System/Library/Frameworks/UIKit.framework; sourceTree = SDKROOT; };
		94D5FF7C140CC534001152D8 /* Foundation.framework */ = {isa = PBXFileReference; lastKnownFileType = wrapper.framework; name = Foundation.framework; path = System/Library/Frameworks/Foundation.framework; sourceTree = SDKROOT; };
		94D5FF7E140CC534001152D8 /* CoreGraphics.framework */ = {isa = PBXFileReference; lastKnownFileType = wrapper.framework; name = CoreGraphics.framework; path = System/Library/Frameworks/CoreGraphics.framework; sourceTree = SDKROOT; };
		94D5FF82140CC534001152D8 /* CareCap-Info.plist */ = {isa = PBXFileReference; lastKnownFileType = text.plist.xml; path = "CareCap-Info.plist"; sourceTree = "<group>"; };
		94D5FF84140CC534001152D8 /* en */ = {isa = PBXFileReference; lastKnownFileType = text.plist.strings; name = en; path = en.lproj/InfoPlist.strings; sourceTree = "<group>"; };
		94D5FF86140CC534001152D8 /* main.m */ = {isa = PBXFileReference; lastKnownFileType = sourcecode.c.objc; path = main.m; sourceTree = "<group>"; };
		94D5FF88140CC534001152D8 /* CareCap-Prefix.pch */ = {isa = PBXFileReference; lastKnownFileType = sourcecode.c.h; path = "CareCap-Prefix.pch"; sourceTree = "<group>"; };
		94D5FF89140CC534001152D8 /* CareCapAppDelegate.h */ = {isa = PBXFileReference; lastKnownFileType = sourcecode.c.h; path = CareCapAppDelegate.h; sourceTree = "<group>"; };
		94D5FF8A140CC534001152D8 /* CareCapAppDelegate.m */ = {isa = PBXFileReference; lastKnownFileType = sourcecode.c.objc; path = CareCapAppDelegate.m; sourceTree = "<group>"; };
		94D5FF8D140CC534001152D8 /* en */ = {isa = PBXFileReference; lastKnownFileType = file.xib; name = en; path = en.lproj/MainWindow.xib; sourceTree = "<group>"; };
		94D5FFA0140CC534001152D8 /* CareCapTests.octest */ = {isa = PBXFileReference; explicitFileType = wrapper.cfbundle; includeInIndex = 0; path = CareCapTests.octest; sourceTree = BUILT_PRODUCTS_DIR; };
		94D5FFA1140CC534001152D8 /* SenTestingKit.framework */ = {isa = PBXFileReference; lastKnownFileType = wrapper.framework; name = SenTestingKit.framework; path = Library/Frameworks/SenTestingKit.framework; sourceTree = DEVELOPER_DIR; };
		94D5FFAA140CC534001152D8 /* CareCapTests-Info.plist */ = {isa = PBXFileReference; lastKnownFileType = text.plist.xml; path = "CareCapTests-Info.plist"; sourceTree = "<group>"; };
		94D5FFAC140CC534001152D8 /* en */ = {isa = PBXFileReference; lastKnownFileType = text.plist.strings; name = en; path = en.lproj/InfoPlist.strings; sourceTree = "<group>"; };
		94D5FFAE140CC534001152D8 /* CareCapTests.h */ = {isa = PBXFileReference; lastKnownFileType = sourcecode.c.h; path = CareCapTests.h; sourceTree = "<group>"; };
		94D5FFB0140CC534001152D8 /* CareCapTests.m */ = {isa = PBXFileReference; lastKnownFileType = sourcecode.c.objc; path = CareCapTests.m; sourceTree = "<group>"; };
		94D5FFBA140CC5D4001152D8 /* ZzpCalculationController.h */ = {isa = PBXFileReference; fileEncoding = 4; lastKnownFileType = sourcecode.c.h; path = ZzpCalculationController.h; sourceTree = "<group>"; };
		94D5FFBB140CC5D4001152D8 /* ZzpCalculationController.m */ = {isa = PBXFileReference; fileEncoding = 4; lastKnownFileType = sourcecode.c.objc; path = ZzpCalculationController.m; sourceTree = "<group>"; };
		94D5FFBC140CC5D4001152D8 /* ZzpCalculationController.xib */ = {isa = PBXFileReference; fileEncoding = 4; lastKnownFileType = file.xib; name = ZzpCalculationController.xib; path = CareCap/ZzpCalculationController.xib; sourceTree = "<group>"; };
		94D5FFBD140CC5D4001152D8 /* ZzpSelectorController.h */ = {isa = PBXFileReference; fileEncoding = 4; lastKnownFileType = sourcecode.c.h; path = ZzpSelectorController.h; sourceTree = "<group>"; };
		94D5FFBE140CC5D4001152D8 /* ZzpSelectorController.m */ = {isa = PBXFileReference; fileEncoding = 4; lastKnownFileType = sourcecode.c.objc; path = ZzpSelectorController.m; sourceTree = "<group>"; };
		94D5FFBF140CC5D4001152D8 /* ZzpSelectorController.xib */ = {isa = PBXFileReference; fileEncoding = 4; lastKnownFileType = file.xib; name = ZzpSelectorController.xib; path = CareCap/ZzpSelectorController.xib; sourceTree = "<group>"; };
		94D5FFD0140CC7B1001152D8 /* QuartzCore.framework */ = {isa = PBXFileReference; lastKnownFileType = wrapper.framework; name = QuartzCore.framework; path = System/Library/Frameworks/QuartzCore.framework; sourceTree = SDKROOT; };
		94F2D11A14A1994E0068951A /* HelperSheet.m */ = {isa = PBXFileReference; fileEncoding = 4; lastKnownFileType = sourcecode.c.objc; path = HelperSheet.m; sourceTree = "<group>"; };
		94F2D11B14A1994E0068951A /* HelperSheet.h */ = {isa = PBXFileReference; fileEncoding = 4; lastKnownFileType = sourcecode.c.h; path = HelperSheet.h; sourceTree = "<group>"; };
/* End PBXFileReference section */

/* Begin PBXFrameworksBuildPhase section */
		94D5FF73140CC534001152D8 /* Frameworks */ = {
			isa = PBXFrameworksBuildPhase;
			buildActionMask = 2147483647;
			files = (
				947793A9145FF1CF00FA4F20 /* libz.1.2.5.dylib in Frameworks */,
				947793A7145FF1BF00FA4F20 /* MobileCoreServices.framework in Frameworks */,
				947793A5145FF1B400FA4F20 /* SystemConfiguration.framework in Frameworks */,
				94D5FF7F140CC534001152D8 /* CoreGraphics.framework in Frameworks */,
				947793A3145FF16E00FA4F20 /* CFNetwork.framework in Frameworks */,
				94D5FFD1140CC7B1001152D8 /* QuartzCore.framework in Frameworks */,
				94D5FF7B140CC534001152D8 /* UIKit.framework in Frameworks */,
				94D5FF7D140CC534001152D8 /* Foundation.framework in Frameworks */,
			);
			runOnlyForDeploymentPostprocessing = 0;
		};
		94D5FF9C140CC534001152D8 /* Frameworks */ = {
			isa = PBXFrameworksBuildPhase;
			buildActionMask = 2147483647;
			files = (
				94D5FFA2140CC534001152D8 /* SenTestingKit.framework in Frameworks */,
				94D5FFA3140CC534001152D8 /* UIKit.framework in Frameworks */,
				94D5FFA4140CC534001152D8 /* Foundation.framework in Frameworks */,
				94D5FFA5140CC534001152D8 /* CoreGraphics.framework in Frameworks */,
			);
			runOnlyForDeploymentPostprocessing = 0;
		};
/* End PBXFrameworksBuildPhase section */

/* Begin PBXGroup section */
		944BF80B1484C7E900B3009E /* ASIHttpRequest */ = {
			isa = PBXGroup;
			children = (
				944BF80C1484C7E900B3009E /* ASIAuthenticationDialog.h */,
				944BF80D1484C7E900B3009E /* ASIAuthenticationDialog.m */,
				944BF80E1484C7E900B3009E /* ASICacheDelegate.h */,
				944BF80F1484C7E900B3009E /* ASIDataCompressor.h */,
				944BF8101484C7E900B3009E /* ASIDataCompressor.m */,
				944BF8111484C7E900B3009E /* ASIDataDecompressor.h */,
				944BF8121484C7E900B3009E /* ASIDataDecompressor.m */,
				944BF8131484C7E900B3009E /* ASIDownloadCache.h */,
				944BF8141484C7E900B3009E /* ASIDownloadCache.m */,
				944BF8151484C7E900B3009E /* ASIFormDataRequest.h */,
				944BF8161484C7E900B3009E /* ASIFormDataRequest.m */,
				944BF8171484C7E900B3009E /* ASIHTTPRequest.h */,
				944BF8181484C7E900B3009E /* ASIHTTPRequest.m */,
				944BF8191484C7E900B3009E /* ASIHTTPRequestConfig.h */,
				944BF81A1484C7E900B3009E /* ASIHTTPRequestDelegate.h */,
				944BF81B1484C7E900B3009E /* ASIInputStream.h */,
				944BF81C1484C7E900B3009E /* ASIInputStream.m */,
				944BF81D1484C7E900B3009E /* ASINetworkQueue.h */,
				944BF81E1484C7E900B3009E /* ASINetworkQueue.m */,
				944BF81F1484C7E900B3009E /* ASIProgressDelegate.h */,
				944BF8201484C7E900B3009E /* Reachability */,
			);
			name = ASIHttpRequest;
			path = Resources/ASIHttpRequest;
			sourceTree = "<group>";
		};
		944BF8201484C7E900B3009E /* Reachability */ = {
			isa = PBXGroup;
			children = (
				944BF8211484C7E900B3009E /* Reachability.h */,
				944BF8221484C7E900B3009E /* Reachability.m */,
			);
			path = Reachability;
			sourceTree = "<group>";
		};
		944BF82C1484C80300B3009E /* SBJson */ = {
			isa = PBXGroup;
			children = (
				944BF82D1484C80300B3009E /* NSObject+SBJson.h */,
				944BF82E1484C80300B3009E /* NSObject+SBJson.m */,
				944BF82F1484C80300B3009E /* SBJson.h */,
				944BF8301484C80300B3009E /* SBJsonParser.h */,
				944BF8311484C80300B3009E /* SBJsonParser.m */,
				944BF8321484C80300B3009E /* SBJsonStreamParser.h */,
				944BF8331484C80300B3009E /* SBJsonStreamParser.m */,
				944BF8341484C80300B3009E /* SBJsonStreamParserAccumulator.h */,
				944BF8351484C80300B3009E /* SBJsonStreamParserAccumulator.m */,
				944BF8361484C80300B3009E /* SBJsonStreamParserAdapter.h */,
				944BF8371484C80300B3009E /* SBJsonStreamParserAdapter.m */,
				944BF8381484C80300B3009E /* SBJsonStreamParserState.h */,
				944BF8391484C80300B3009E /* SBJsonStreamParserState.m */,
				944BF83A1484C80300B3009E /* SBJsonStreamWriter.h */,
				944BF83B1484C80300B3009E /* SBJsonStreamWriter.m */,
				944BF83C1484C80300B3009E /* SBJsonStreamWriterAccumulator.h */,
				944BF83D1484C80300B3009E /* SBJsonStreamWriterAccumulator.m */,
				944BF83E1484C80300B3009E /* SBJsonStreamWriterState.h */,
				944BF83F1484C80300B3009E /* SBJsonStreamWriterState.m */,
				944BF8401484C80300B3009E /* SBJsonTokeniser.h */,
				944BF8411484C80300B3009E /* SBJsonTokeniser.m */,
				944BF8421484C80300B3009E /* SBJsonUTF8Stream.h */,
				944BF8431484C80300B3009E /* SBJsonUTF8Stream.m */,
				944BF8441484C80300B3009E /* SBJsonWriter.h */,
				944BF8451484C80300B3009E /* SBJsonWriter.m */,
			);
			name = SBJson;
			path = Resources/SBJson;
			sourceTree = "<group>";
		};
		9477937E145FF0C500FA4F20 /* OtherResources */ = {
			isa = PBXGroup;
			children = (
				944BF82C1484C80300B3009E /* SBJson */,
				944BF80B1484C7E900B3009E /* ASIHttpRequest */,
			);
			name = OtherResources;
			sourceTree = "<group>";
		};
		948F1D2E1463FD20003FB7DB /* Modle */ = {
			isa = PBXGroup;
			children = (
				944BF8521484C81800B3009E /* News.h */,
				944BF8531484C81800B3009E /* News.m */,
			);
			name = Modle;
			sourceTree = "<group>";
		};
		94D5FF6B140CC534001152D8 = {
			isa = PBXGroup;
			children = (
				948F1D2E1463FD20003FB7DB /* Modle */,
				E5070F78143B567200C8C078 /* Resources */,
				94D5FF80140CC534001152D8 /* Classes */,
				94D5FFA8140CC534001152D8 /* CareCapTests */,
				94D5FF79140CC534001152D8 /* Frameworks */,
				94D5FF77140CC534001152D8 /* Products */,
				94D5FF81140CC534001152D8 /* Supporting Files */,
			);
			sourceTree = "<group>";
		};
		94D5FF77140CC534001152D8 /* Products */ = {
			isa = PBXGroup;
			children = (
				94D5FF76140CC534001152D8 /* CareCap.app */,
				94D5FFA0140CC534001152D8 /* CareCapTests.octest */,
			);
			name = Products;
			sourceTree = "<group>";
		};
		94D5FF79140CC534001152D8 /* Frameworks */ = {
			isa = PBXGroup;
			children = (
				947793A8145FF1CF00FA4F20 /* libz.1.2.5.dylib */,
				947793A6145FF1BF00FA4F20 /* MobileCoreServices.framework */,
				947793A4145FF1B400FA4F20 /* SystemConfiguration.framework */,
				947793A2145FF16D00FA4F20 /* CFNetwork.framework */,
				94D5FFD0140CC7B1001152D8 /* QuartzCore.framework */,
				94D5FF7A140CC534001152D8 /* UIKit.framework */,
				94D5FF7C140CC534001152D8 /* Foundation.framework */,
				94D5FF7E140CC534001152D8 /* CoreGraphics.framework */,
				94D5FFA1140CC534001152D8 /* SenTestingKit.framework */,
			);
			name = Frameworks;
			sourceTree = "<group>";
		};
		94D5FF80140CC534001152D8 /* Classes */ = {
			isa = PBXGroup;
			children = (
				94D5FFBA140CC5D4001152D8 /* ZzpCalculationController.h */,
				94D5FFBB140CC5D4001152D8 /* ZzpCalculationController.m */,
				94D5FFBD140CC5D4001152D8 /* ZzpSelectorController.h */,
				94D5FFBE140CC5D4001152D8 /* ZzpSelectorController.m */,
				94D5FF89140CC534001152D8 /* CareCapAppDelegate.h */,
				94D5FF8A140CC534001152D8 /* CareCapAppDelegate.m */,
				9485B5C01484DAE800CF1469 /* CompanyNewsController.h */,
				9485B5C11484DAE800CF1469 /* CompanyNewsController.m */,
				944BF7F11484C72A00B3009E /* NewsDetailController.h */,
				944BF7F21484C72A00B3009E /* NewsDetailController.m */,
				94F2D11A14A1994E0068951A /* HelperSheet.m */,
				94F2D11B14A1994E0068951A /* HelperSheet.h */,
				9490F45A14AC2628005C7529 /* HelpImageController.h */,
				9490F45B14AC2628005C7529 /* HelpImageController.m */,
				9400B31014AC61CD00D9592D /* HelpController.h */,
				9400B31114AC61CD00D9592D /* HelpController.m */,
			);
			name = Classes;
			path = CareCap;
			sourceTree = "<group>";
		};
		94D5FF81140CC534001152D8 /* Supporting Files */ = {
			isa = PBXGroup;
			children = (
				9480A6F9140CDAAB00873A71 /* Entitlements.entitlements */,
				94D5FF82140CC534001152D8 /* CareCap-Info.plist */,
				94D5FF83140CC534001152D8 /* InfoPlist.strings */,
				9471D584147F94E300F1DDBD /* Localizable.strings */,
				94D5FF86140CC534001152D8 /* main.m */,
				94D5FF88140CC534001152D8 /* CareCap-Prefix.pch */,
			);
			name = "Supporting Files";
			path = CareCap;
			sourceTree = "<group>";
		};
		94D5FFA8140CC534001152D8 /* CareCapTests */ = {
			isa = PBXGroup;
			children = (
				94D5FFAE140CC534001152D8 /* CareCapTests.h */,
				94D5FFB0140CC534001152D8 /* CareCapTests.m */,
				94D5FFA9140CC534001152D8 /* Supporting Files */,
			);
			path = CareCapTests;
			sourceTree = "<group>";
		};
		94D5FFA9140CC534001152D8 /* Supporting Files */ = {
			isa = PBXGroup;
			children = (
				94D5FFAA140CC534001152D8 /* CareCapTests-Info.plist */,
				94D5FFAB140CC534001152D8 /* InfoPlist.strings */,
			);
			name = "Supporting Files";
			sourceTree = "<group>";
		};
		E5070F78143B567200C8C078 /* Resources */ = {
			isa = PBXGroup;
			children = (
				9477937E145FF0C500FA4F20 /* OtherResources */,
				94D5FF8C140CC534001152D8 /* MainWindow.xib */,
				94D5FFBF140CC5D4001152D8 /* ZzpSelectorController.xib */,
				94D5FFBC140CC5D4001152D8 /* ZzpCalculationController.xib */,
				9485B5C21484DAE800CF1469 /* CompanyNewsController.xib */,
				944BF8571484D10000B3009E /* NewsDetailController.xib */,
				9400B31214AC61CD00D9592D /* HelpController.xib */,
				9490F45C14AC2628005C7529 /* HelpImageController.xib */,
				944BF7F71484C76300B3009E /* ZZPList.plist */,
				944BF7F81484C76300B3009E /* ZZPPackage.plist */,
				944BF7FB1484C76B00B3009E /* FunctionRule.plist */,
				E5070F79143B568500C8C078 /* Images */,
			);
			name = Resources;
			sourceTree = "<group>";
		};
		E5070F79143B568500C8C078 /* Images */ = {
			isa = PBXGroup;
			children = (
				9473A8EB14AC7E6500204008 /* 02.png */,
				9473A8EC14AC7E6500204008 /* 03.png */,
				9473A8ED14AC7E6500204008 /* 04.png */,
				9490F46014AC437B005C7529 /* 01.png */,
				94343C6B148CC59C0011BF02 /* Default@2x.png */,
				94343C69148CC58E0011BF02 /* Default.png */,
				944BF7FF1484C7A300B3009E /* CalBarIcon.png */,
				944BF8011484C7AE00B3009E /* icon.png */,
				944BF8021484C7AE00B3009E /* icon@2x.png */,
				944BF8031484C7AE00B3009E /* NewsBarIcon.png */,
				944BF8091484C7BD00B3009E /* UnreadIndicator.png */,
				944BF8071484C7B600B3009E /* ReadIndicator.png */,
				944BF7FD1484C79600B3009E /* appback.png */,
			);
			name = Images;
			sourceTree = "<group>";
		};
/* End PBXGroup section */

/* Begin PBXNativeTarget section */
		94D5FF75140CC534001152D8 /* CareCap */ = {
			isa = PBXNativeTarget;
			buildConfigurationList = 94D5FFB4140CC534001152D8 /* Build configuration list for PBXNativeTarget "CareCap" */;
			buildPhases = (
				94D5FF72140CC534001152D8 /* Sources */,
				94D5FF73140CC534001152D8 /* Frameworks */,
				94D5FF74140CC534001152D8 /* Resources */,
			);
			buildRules = (
			);
			dependencies = (
			);
			name = CareCap;
			productName = CareCap;
			productReference = 94D5FF76140CC534001152D8 /* CareCap.app */;
			productType = "com.apple.product-type.application";
		};
		94D5FF9F140CC534001152D8 /* CareCapTests */ = {
			isa = PBXNativeTarget;
			buildConfigurationList = 94D5FFB7140CC534001152D8 /* Build configuration list for PBXNativeTarget "CareCapTests" */;
			buildPhases = (
				94D5FF9B140CC534001152D8 /* Sources */,
				94D5FF9C140CC534001152D8 /* Frameworks */,
				94D5FF9D140CC534001152D8 /* Resources */,
				94D5FF9E140CC534001152D8 /* ShellScript */,
			);
			buildRules = (
			);
			dependencies = (
				94D5FFA7140CC534001152D8 /* PBXTargetDependency */,
			);
			name = CareCapTests;
			productName = CareCapTests;
			productReference = 94D5FFA0140CC534001152D8 /* CareCapTests.octest */;
			productType = "com.apple.product-type.bundle";
		};
/* End PBXNativeTarget section */

/* Begin PBXProject section */
		94D5FF6D140CC534001152D8 /* Project object */ = {
			isa = PBXProject;
			attributes = {
				LastUpgradeCheck = 0420;
			};
			buildConfigurationList = 94D5FF70140CC534001152D8 /* Build configuration list for PBXProject "CareCap" */;
			compatibilityVersion = "Xcode 3.2";
			developmentRegion = English;
			hasScannedForEncodings = 0;
			knownRegions = (
				en,
				nl,
			);
			mainGroup = 94D5FF6B140CC534001152D8;
			productRefGroup = 94D5FF77140CC534001152D8 /* Products */;
			projectDirPath = "";
			projectRoot = "";
			targets = (
				94D5FF75140CC534001152D8 /* CareCap */,
				94D5FF9F140CC534001152D8 /* CareCapTests */,
			);
		};
/* End PBXProject section */

/* Begin PBXResourcesBuildPhase section */
		94D5FF74140CC534001152D8 /* Resources */ = {
			isa = PBXResourcesBuildPhase;
			buildActionMask = 2147483647;
			files = (
				94D5FF85140CC534001152D8 /* InfoPlist.strings in Resources */,
				94D5FF8E140CC534001152D8 /* MainWindow.xib in Resources */,
				94D5FFC1140CC5D4001152D8 /* ZzpCalculationController.xib in Resources */,
				94D5FFC3140CC5D4001152D8 /* ZzpSelectorController.xib in Resources */,
				9480A6FA140CDAAB00873A71 /* Entitlements.entitlements in Resources */,
				9471D586147F94E300F1DDBD /* Localizable.strings in Resources */,
				9471D588147F94F900F1DDBD /* Localizable.strings in Resources */,
				944BF7F91484C76300B3009E /* ZZPList.plist in Resources */,
				944BF7FA1484C76300B3009E /* ZZPPackage.plist in Resources */,
				944BF7FC1484C76B00B3009E /* FunctionRule.plist in Resources */,
				944BF7FE1484C79600B3009E /* appback.png in Resources */,
				944BF8001484C7A300B3009E /* CalBarIcon.png in Resources */,
				944BF8041484C7AE00B3009E /* icon.png in Resources */,
				944BF8051484C7AE00B3009E /* icon@2x.png in Resources */,
				944BF8061484C7AE00B3009E /* NewsBarIcon.png in Resources */,
				944BF8081484C7B600B3009E /* ReadIndicator.png in Resources */,
				944BF80A1484C7BD00B3009E /* UnreadIndicator.png in Resources */,
				944BF8581484D10000B3009E /* NewsDetailController.xib in Resources */,
				9485B5C41484DAE800CF1469 /* CompanyNewsController.xib in Resources */,
				94343C6A148CC58E0011BF02 /* Default.png in Resources */,
				94343C6C148CC59C0011BF02 /* Default@2x.png in Resources */,
				9490F45E14AC2628005C7529 /* HelpImageController.xib in Resources */,
				9490F46114AC437B005C7529 /* 01.png in Resources */,
				9400B31414AC61CD00D9592D /* HelpController.xib in Resources */,
				9473A8EE14AC7E6500204008 /* 02.png in Resources */,
				9473A8EF14AC7E6500204008 /* 03.png in Resources */,
				9473A8F014AC7E6500204008 /* 04.png in Resources */,
			);
			runOnlyForDeploymentPostprocessing = 0;
		};
		94D5FF9D140CC534001152D8 /* Resources */ = {
			isa = PBXResourcesBuildPhase;
			buildActionMask = 2147483647;
			files = (
				94D5FFAD140CC534001152D8 /* InfoPlist.strings in Resources */,
				94D5FFAF140CC534001152D8 /* CareCapTests.h in Resources */,
			);
			runOnlyForDeploymentPostprocessing = 0;
		};
/* End PBXResourcesBuildPhase section */

/* Begin PBXShellScriptBuildPhase section */
		94D5FF9E140CC534001152D8 /* ShellScript */ = {
			isa = PBXShellScriptBuildPhase;
			buildActionMask = 2147483647;
			files = (
			);
			inputPaths = (
			);
			outputPaths = (
			);
			runOnlyForDeploymentPostprocessing = 0;
			shellPath = /bin/sh;
			shellScript = "# Run the unit tests in this test bundle.\n\"${SYSTEM_DEVELOPER_DIR}/Tools/RunUnitTests\"\n";
		};
/* End PBXShellScriptBuildPhase section */

/* Begin PBXSourcesBuildPhase section */
		94D5FF72140CC534001152D8 /* Sources */ = {
			isa = PBXSourcesBuildPhase;
			buildActionMask = 2147483647;
			files = (
				94D5FF87140CC534001152D8 /* main.m in Sources */,
				94D5FF8B140CC534001152D8 /* CareCapAppDelegate.m in Sources */,
				94D5FFC0140CC5D4001152D8 /* ZzpCalculationController.m in Sources */,
				94D5FFC2140CC5D4001152D8 /* ZzpSelectorController.m in Sources */,
				944BF7F31484C72A00B3009E /* NewsDetailController.m in Sources */,
				944BF8231484C7E900B3009E /* ASIAuthenticationDialog.m in Sources */,
				944BF8241484C7E900B3009E /* ASIDataCompressor.m in Sources */,
				944BF8251484C7E900B3009E /* ASIDataDecompressor.m in Sources */,
				944BF8261484C7E900B3009E /* ASIDownloadCache.m in Sources */,
				944BF8271484C7E900B3009E /* ASIFormDataRequest.m in Sources */,
				944BF8281484C7E900B3009E /* ASIHTTPRequest.m in Sources */,
				944BF8291484C7E900B3009E /* ASIInputStream.m in Sources */,
				944BF82A1484C7E900B3009E /* ASINetworkQueue.m in Sources */,
				944BF82B1484C7E900B3009E /* Reachability.m in Sources */,
				944BF8461484C80300B3009E /* NSObject+SBJson.m in Sources */,
				944BF8471484C80300B3009E /* SBJsonParser.m in Sources */,
				944BF8481484C80300B3009E /* SBJsonStreamParser.m in Sources */,
				944BF8491484C80300B3009E /* SBJsonStreamParserAccumulator.m in Sources */,
				944BF84A1484C80300B3009E /* SBJsonStreamParserAdapter.m in Sources */,
				944BF84B1484C80300B3009E /* SBJsonStreamParserState.m in Sources */,
				944BF84C1484C80300B3009E /* SBJsonStreamWriter.m in Sources */,
				944BF84D1484C80300B3009E /* SBJsonStreamWriterAccumulator.m in Sources */,
				944BF84E1484C80300B3009E /* SBJsonStreamWriterState.m in Sources */,
				944BF84F1484C80300B3009E /* SBJsonTokeniser.m in Sources */,
				944BF8501484C80300B3009E /* SBJsonUTF8Stream.m in Sources */,
				944BF8511484C80300B3009E /* SBJsonWriter.m in Sources */,
				944BF8541484C81800B3009E /* News.m in Sources */,
				9485B5C31484DAE800CF1469 /* CompanyNewsController.m in Sources */,
				94F2D11C14A1994F0068951A /* HelperSheet.m in Sources */,
				9490F45D14AC2628005C7529 /* HelpImageController.m in Sources */,
				9400B31314AC61CD00D9592D /* HelpController.m in Sources */,
			);
			runOnlyForDeploymentPostprocessing = 0;
		};
		94D5FF9B140CC534001152D8 /* Sources */ = {
			isa = PBXSourcesBuildPhase;
			buildActionMask = 2147483647;
			files = (
				94D5FFB1140CC534001152D8 /* CareCapTests.m in Sources */,
			);
			runOnlyForDeploymentPostprocessing = 0;
		};
/* End PBXSourcesBuildPhase section */

/* Begin PBXTargetDependency section */
		94D5FFA7140CC534001152D8 /* PBXTargetDependency */ = {
			isa = PBXTargetDependency;
			target = 94D5FF75140CC534001152D8 /* CareCap */;
			targetProxy = 94D5FFA6140CC534001152D8 /* PBXContainerItemProxy */;
		};
/* End PBXTargetDependency section */

/* Begin PBXVariantGroup section */
		9471D584147F94E300F1DDBD /* Localizable.strings */ = {
			isa = PBXVariantGroup;
			children = (
				9471D585147F94E300F1DDBD /* en */,
				9471D587147F94F900F1DDBD /* nl */,
			);
			name = Localizable.strings;
			sourceTree = "<group>";
		};
		94D5FF83140CC534001152D8 /* InfoPlist.strings */ = {
			isa = PBXVariantGroup;
			children = (
				94D5FF84140CC534001152D8 /* en */,
				9471D578147F83F500F1DDBD /* nl */,
			);
			name = InfoPlist.strings;
			sourceTree = "<group>";
		};
		94D5FF8C140CC534001152D8 /* MainWindow.xib */ = {
			isa = PBXVariantGroup;
			children = (
				94D5FF8D140CC534001152D8 /* en */,
				9471D577147F83F500F1DDBD /* nl */,
			);
			name = MainWindow.xib;
			path = CareCap;
			sourceTree = "<group>";
		};
		94D5FFAB140CC534001152D8 /* InfoPlist.strings */ = {
			isa = PBXVariantGroup;
			children = (
				94D5FFAC140CC534001152D8 /* en */,
				9471D575147F83F500F1DDBD /* nl */,
			);
			name = InfoPlist.strings;
			sourceTree = "<group>";
		};
/* End PBXVariantGroup section */

/* Begin XCBuildConfiguration section */
		9480A6FE140CDE8C00873A71 /* Adhoc */ = {
			isa = XCBuildConfiguration;
			buildSettings = {
				ALWAYS_SEARCH_USER_PATHS = NO;
				ARCHS = (
					armv6,
					"$(ARCHS_STANDARD_32_BIT)",
				);
				CODE_SIGN_ENTITLEMENTS = Entitlements.entitlements;
				CODE_SIGN_IDENTITY = "iPhone Developer: Esther de Grooth (Y2LL2FZZ7H)";
				"CODE_SIGN_IDENTITY[sdk=*]" = "iPhone Developer: Esther de Grooth (Y2LL2FZZ7H)";
				CODE_SIGN_RESOURCE_RULES_PATH = "";
				COPY_PHASE_STRIP = NO;
				GCC_C_LANGUAGE_STANDARD = gnu99;
				GCC_DYNAMIC_NO_PIC = NO;
				GCC_OPTIMIZATION_LEVEL = 0;
				GCC_PREPROCESSOR_DEFINITIONS = (
					"DEBUG=1",
					"$(inherited)",
				);
				GCC_SYMBOLS_PRIVATE_EXTERN = NO;
				GCC_VERSION = com.apple.compilers.llvm.clang.1_0;
				GCC_WARN_ABOUT_MISSING_PROTOTYPES = YES;
				GCC_WARN_ABOUT_RETURN_TYPE = YES;
				GCC_WARN_UNUSED_VARIABLE = YES;
				IPHONEOS_DEPLOYMENT_TARGET = 4.1;
				PROVISIONING_PROFILE = "A15BB9E4-6D4B-4BE3-B60F-55DBF3831A18";
				"PROVISIONING_PROFILE[sdk=*]" = "A15BB9E4-6D4B-4BE3-B60F-55DBF3831A18";
				SDKROOT = iphoneos;
			};
			name = Adhoc;
		};
		9480A6FF140CDE8C00873A71 /* Adhoc */ = {
			isa = XCBuildConfiguration;
			buildSettings = {
				GCC_PRECOMPILE_PREFIX_HEADER = YES;
				GCC_PREFIX_HEADER = "CareCap/CareCap-Prefix.pch";
				GCC_VERSION = com.apple.compilers.llvm.clang.1_0;
				INFOPLIST_FILE = "CareCap/CareCap-Info.plist";
				IPHONEOS_DEPLOYMENT_TARGET = 4.1;
				PRODUCT_NAME = "$(TARGET_NAME)";
				TARGETED_DEVICE_FAMILY = 1;
				WRAPPER_EXTENSION = app;
			};
			name = Adhoc;
		};
		9480A700140CDE8C00873A71 /* Adhoc */ = {
			isa = XCBuildConfiguration;
			buildSettings = {
				BUNDLE_LOADER = "$(BUILT_PRODUCTS_DIR)/CareCap.app/CareCap";
				FRAMEWORK_SEARCH_PATHS = (
					"$(SDKROOT)/Developer/Library/Frameworks",
					"$(DEVELOPER_LIBRARY_DIR)/Frameworks",
				);
				GCC_PRECOMPILE_PREFIX_HEADER = YES;
				GCC_PREFIX_HEADER = "CareCap/CareCap-Prefix.pch";
				GCC_VERSION = com.apple.compilers.llvm.clang.1_0;
				INFOPLIST_FILE = "CareCapTests/CareCapTests-Info.plist";
				PRODUCT_NAME = "$(TARGET_NAME)";
				TEST_HOST = "$(BUNDLE_LOADER)";
				WRAPPER_EXTENSION = octest;
			};
			name = Adhoc;
		};
		94D5FFB2140CC534001152D8 /* Debug */ = {
			isa = XCBuildConfiguration;
			buildSettings = {
				ALWAYS_SEARCH_USER_PATHS = NO;
				ARCHS = (
					armv6,
					"$(ARCHS_STANDARD_32_BIT)",
				);
				CODE_SIGN_ENTITLEMENTS = "";
				CODE_SIGN_IDENTITY = "iPhone Developer: Esther de Grooth (Y2LL2FZZ7H)";
				"CODE_SIGN_IDENTITY[sdk=*]" = "iPhone Developer: Esther de Grooth (Y2LL2FZZ7H)";
				CODE_SIGN_RESOURCE_RULES_PATH = "";
				COPY_PHASE_STRIP = NO;
				GCC_C_LANGUAGE_STANDARD = gnu99;
				GCC_DYNAMIC_NO_PIC = NO;
				GCC_OPTIMIZATION_LEVEL = 0;
				GCC_PREPROCESSOR_DEFINITIONS = (
					"DEBUG=1",
					"$(inherited)",
				);
				GCC_SYMBOLS_PRIVATE_EXTERN = NO;
				GCC_VERSION = com.apple.compilers.llvm.clang.1_0;
				GCC_WARN_ABOUT_MISSING_PROTOTYPES = YES;
				GCC_WARN_ABOUT_RETURN_TYPE = YES;
				GCC_WARN_UNUSED_VARIABLE = YES;
				IPHONEOS_DEPLOYMENT_TARGET = 4.1;
				PROVISIONING_PROFILE = "A15BB9E4-6D4B-4BE3-B60F-55DBF3831A18";
				"PROVISIONING_PROFILE[sdk=*]" = "A15BB9E4-6D4B-4BE3-B60F-55DBF3831A18";
				SDKROOT = iphoneos;
			};
			name = Debug;
		};
		94D5FFB3140CC534001152D8 /* Release */ = {
			isa = XCBuildConfiguration;
			buildSettings = {
				ALWAYS_SEARCH_USER_PATHS = NO;
				ARCHS = (
					armv6,
					"$(ARCHS_STANDARD_32_BIT)",
				);
				CODE_SIGN_ENTITLEMENTS = "";
				CODE_SIGN_IDENTITY = "iPhone Developer: Esther de Grooth (Y2LL2FZZ7H)";
				"CODE_SIGN_IDENTITY[sdk=iphoneos*]" = "iPhone Developer: Esther de Grooth (Y2LL2FZZ7H)";
				CODE_SIGN_RESOURCE_RULES_PATH = "";
				COPY_PHASE_STRIP = YES;
				GCC_C_LANGUAGE_STANDARD = gnu99;
				GCC_VERSION = com.apple.compilers.llvm.clang.1_0;
				GCC_WARN_ABOUT_MISSING_PROTOTYPES = YES;
				GCC_WARN_ABOUT_RETURN_TYPE = YES;
				GCC_WARN_UNUSED_VARIABLE = YES;
				IPHONEOS_DEPLOYMENT_TARGET = 4.1;
				OTHER_CFLAGS = "-DNS_BLOCK_ASSERTIONS=1";
				PROVISIONING_PROFILE = "A15BB9E4-6D4B-4BE3-B60F-55DBF3831A18";
				"PROVISIONING_PROFILE[sdk=iphoneos*]" = "A15BB9E4-6D4B-4BE3-B60F-55DBF3831A18";
				SDKROOT = iphoneos;
				VALIDATE_PRODUCT = YES;
			};
			name = Release;
		};
		94D5FFB5140CC534001152D8 /* Debug */ = {
			isa = XCBuildConfiguration;
			buildSettings = {
				GCC_PRECOMPILE_PREFIX_HEADER = YES;
				GCC_PREFIX_HEADER = "CareCap/CareCap-Prefix.pch";
				GCC_VERSION = com.apple.compilers.llvm.clang.1_0;
				INFOPLIST_FILE = "CareCap/CareCap-Info.plist";
				IPHONEOS_DEPLOYMENT_TARGET = 4.1;
				PRODUCT_NAME = "$(TARGET_NAME)";
				TARGETED_DEVICE_FAMILY = 1;
				WRAPPER_EXTENSION = app;
			};
			name = Debug;
		};
		94D5FFB6140CC534001152D8 /* Release */ = {
			isa = XCBuildConfiguration;
			buildSettings = {
				GCC_PRECOMPILE_PREFIX_HEADER = YES;
				GCC_PREFIX_HEADER = "CareCap/CareCap-Prefix.pch";
				GCC_VERSION = com.apple.compilers.llvm.clang.1_0;
				INFOPLIST_FILE = "CareCap/CareCap-Info.plist";
				IPHONEOS_DEPLOYMENT_TARGET = 4.1;
				PRODUCT_NAME = "$(TARGET_NAME)";
				TARGETED_DEVICE_FAMILY = 1;
				WRAPPER_EXTENSION = app;
			};
			name = Release;
		};
		94D5FFB8140CC534001152D8 /* Debug */ = {
			isa = XCBuildConfiguration;
			buildSettings = {
				BUNDLE_LOADER = "$(BUILT_PRODUCTS_DIR)/CareCap.app/CareCap";
				FRAMEWORK_SEARCH_PATHS = (
					"$(SDKROOT)/Developer/Library/Frameworks",
					"$(DEVELOPER_LIBRARY_DIR)/Frameworks",
				);
				GCC_PRECOMPILE_PREFIX_HEADER = YES;
				GCC_PREFIX_HEADER = "CareCap/CareCap-Prefix.pch";
				GCC_VERSION = com.apple.compilers.llvm.clang.1_0;
				INFOPLIST_FILE = "CareCapTests/CareCapTests-Info.plist";
				PRODUCT_NAME = "$(TARGET_NAME)";
				TEST_HOST = "$(BUNDLE_LOADER)";
				WRAPPER_EXTENSION = octest;
			};
			name = Debug;
		};
		94D5FFB9140CC534001152D8 /* Release */ = {
			isa = XCBuildConfiguration;
			buildSettings = {
				BUNDLE_LOADER = "$(BUILT_PRODUCTS_DIR)/CareCap.app/CareCap";
				FRAMEWORK_SEARCH_PATHS = (
					"$(SDKROOT)/Developer/Library/Frameworks",
					"$(DEVELOPER_LIBRARY_DIR)/Frameworks",
				);
				GCC_PRECOMPILE_PREFIX_HEADER = YES;
				GCC_PREFIX_HEADER = "CareCap/CareCap-Prefix.pch";
				GCC_VERSION = com.apple.compilers.llvm.clang.1_0;
				INFOPLIST_FILE = "CareCapTests/CareCapTests-Info.plist";
				PRODUCT_NAME = "$(TARGET_NAME)";
				TEST_HOST = "$(BUNDLE_LOADER)";
				WRAPPER_EXTENSION = octest;
			};
			name = Release;
		};
/* End XCBuildConfiguration section */

/* Begin XCConfigurationList section */
		94D5FF70140CC534001152D8 /* Build configuration list for PBXProject "CareCap" */ = {
			isa = XCConfigurationList;
			buildConfigurations = (
				94D5FFB2140CC534001152D8 /* Debug */,
				9480A6FE140CDE8C00873A71 /* Adhoc */,
				94D5FFB3140CC534001152D8 /* Release */,
			);
			defaultConfigurationIsVisible = 0;
			defaultConfigurationName = Adhoc;
		};
		94D5FFB4140CC534001152D8 /* Build configuration list for PBXNativeTarget "CareCap" */ = {
			isa = XCConfigurationList;
			buildConfigurations = (
				94D5FFB5140CC534001152D8 /* Debug */,
				9480A6FF140CDE8C00873A71 /* Adhoc */,
				94D5FFB6140CC534001152D8 /* Release */,
			);
			defaultConfigurationIsVisible = 0;
			defaultConfigurationName = Adhoc;
		};
		94D5FFB7140CC534001152D8 /* Build configuration list for PBXNativeTarget "CareCapTests" */ = {
			isa = XCConfigurationList;
			buildConfigurations = (
				94D5FFB8140CC534001152D8 /* Debug */,
				9480A700140CDE8C00873A71 /* Adhoc */,
				94D5FFB9140CC534001152D8 /* Release */,
			);
			defaultConfigurationIsVisible = 0;
			defaultConfigurationName = Adhoc;
		};
/* End XCConfigurationList section */
	};
	rootObject = 94D5FF6D140CC534001152D8 /* Project object */;
}
